// !$*UTF8*$!
{
	archiveVersion = 1;
	classes = {
	};
	objectVersion = 46;
	objects = {

/* Begin PBXBuildFile section */
		B995864E1AA246220052939B /* main.m in Sources */ = {isa = PBXBuildFile; fileRef = B995864D1AA246220052939B /* main.m */; };
		B99586511AA246220052939B /* AppDelegate.m in Sources */ = {isa = PBXBuildFile; fileRef = B99586501AA246220052939B /* AppDelegate.m */; };
		B99586541AA246220052939B /* ViewController.m in Sources */ = {isa = PBXBuildFile; fileRef = B99586531AA246220052939B /* ViewController.m */; };
		B99586571AA246220052939B /* Main.storyboard in Resources */ = {isa = PBXBuildFile; fileRef = B99586551AA246220052939B /* Main.storyboard */; };
		B99586591AA246220052939B /* Images.xcassets in Resources */ = {isa = PBXBuildFile; fileRef = B99586581AA246220052939B /* Images.xcassets */; };
		B995865C1AA246220052939B /* LaunchScreen.xib in Resources */ = {isa = PBXBuildFile; fileRef = B995865A1AA246220052939B /* LaunchScreen.xib */; };
		B99586681AA246230052939B /* UIKintDynamicsTests.m in Sources */ = {isa = PBXBuildFile; fileRef = B99586671AA246230052939B /* UIKintDynamicsTests.m */; };
/* End PBXBuildFile section */

/* Begin PBXContainerItemProxy section */
		B99586621AA246230052939B /* PBXContainerItemProxy */ = {
			isa = PBXContainerItemProxy;
			containerPortal = B99586401AA246220052939B /* Project object */;
			proxyType = 1;
			remoteGlobalIDString = B99586471AA246220052939B;
			remoteInfo = UIKintDynamics;
		};
/* End PBXContainerItemProxy section */

/* Begin PBXFileReference section */
		B99586481AA246220052939B /* UIKintDynamics.app */ = {isa = PBXFileReference; explicitFileType = wrapper.application; includeInIndex = 0; path = UIKintDynamics.app; sourceTree = BUILT_PRODUCTS_DIR; };
		B995864C1AA246220052939B /* Info.plist */ = {isa = PBXFileReference; lastKnownFileType = text.plist.xml; path = Info.plist; sourceTree = "<group>"; };
		B995864D1AA246220052939B /* main.m */ = {isa = PBXFileReference; lastKnownFileType = sourcecode.c.objc; path = main.m; sourceTree = "<group>"; };
		B995864F1AA246220052939B /* AppDelegate.h */ = {isa = PBXFileReference; lastKnownFileType = sourcecode.c.h; path = AppDelegate.h; sourceTree = "<group>"; };
		B99586501AA246220052939B /* AppDelegate.m */ = {isa = PBXFileReference; lastKnownFileType = sourcecode.c.objc; path = AppDelegate.m; sourceTree = "<group>"; };
		B99586521AA246220052939B /* ViewController.h */ = {isa = PBXFileReference; lastKnownFileType = sourcecode.c.h; path = ViewController.h; sourceTree = "<group>"; };
		B99586531AA246220052939B /* ViewController.m */ = {isa = PBXFileReference; lastKnownFileType = sourcecode.c.objc; path = ViewController.m; sourceTree = "<group>"; };
		B99586561AA246220052939B /* Base */ = {isa = PBXFileReference; lastKnownFileType = file.storyboard; name = Base; path = Base.lproj/Main.storyboard; sourceTree = "<group>"; };
		B99586581AA246220052939B /* Images.xcassets */ = {isa = PBXFileReference; lastKnownFileType = folder.assetcatalog; path = Images.xcassets; sourceTree = "<group>"; };
		B995865B1AA246220052939B /* Base */ = {isa = PBXFileReference; lastKnownFileType = file.xib; name = Base; path = Base.lproj/LaunchScreen.xib; sourceTree = "<group>"; };
		B99586611AA246230052939B /* UIKintDynamicsTests.xctest */ = {isa = PBXFileReference; explicitFileType = wrapper.cfbundle; includeInIndex = 0; path = UIKintDynamicsTests.xctest; sourceTree = BUILT_PRODUCTS_DIR; };
		B99586661AA246230052939B /* Info.plist */ = {isa = PBXFileReference; lastKnownFileType = text.plist.xml; path = Info.plist; sourceTree = "<group>"; };
		B99586671AA246230052939B /* UIKintDynamicsTests.m */ = {isa = PBXFileReference; lastKnownFileType = sourcecode.c.objc; path = UIKintDynamicsTests.m; sourceTree = "<group>"; };
/* End PBXFileReference section */

/* Begin PBXFrameworksBuildPhase section */
		B99586451AA246220052939B /* Frameworks */ = {
			isa = PBXFrameworksBuildPhase;
			buildActionMask = 2147483647;
			files = (
			);
			runOnlyForDeploymentPostprocessing = 0;
		};
		B995865E1AA246230052939B /* Frameworks */ = {
			isa = PBXFrameworksBuildPhase;
			buildActionMask = 2147483647;
			files = (
			);
			runOnlyForDeploymentPostprocessing = 0;
		};
/* End PBXFrameworksBuildPhase section */

/* Begin PBXGroup section */
		B995863F1AA246220052939B = {
			isa = PBXGroup;
			children = (
				B995864A1AA246220052939B /* UIKintDynamics */,
				B99586641AA246230052939B /* UIKintDynamicsTests */,
				B99586491AA246220052939B /* Products */,
			);
			sourceTree = "<group>";
		};
		B99586491AA246220052939B /* Products */ = {
			isa = PBXGroup;
			children = (
				B99586481AA246220052939B /* UIKintDynamics.app */,
				B99586611AA246230052939B /* UIKintDynamicsTests.xctest */,
			);
			name = Products;
			sourceTree = "<group>";
		};
		B995864A1AA246220052939B /* UIKintDynamics */ = {
			isa = PBXGroup;
			children = (
				B995864F1AA246220052939B /* AppDelegate.h */,
				B99586501AA246220052939B /* AppDelegate.m */,
				B99586521AA246220052939B /* ViewController.h */,
				B99586531AA246220052939B /* ViewController.m */,
				B99586551AA246220052939B /* Main.storyboard */,
				B99586581AA246220052939B /* Images.xcassets */,
				B995865A1AA246220052939B /* LaunchScreen.xib */,
				B995864B1AA246220052939B /* Supporting Files */,
			);
			path = UIKintDynamics;
			sourceTree = "<group>";
		};
		B995864B1AA246220052939B /* Supporting Files */ = {
			isa = PBXGroup;
			children = (
				B995864C1AA246220052939B /* Info.plist */,
				B995864D1AA246220052939B /* main.m */,
			);
			name = "Supporting Files";
			sourceTree = "<group>";
		};
		B99586641AA246230052939B /* UIKintDynamicsTests */ = {
			isa = PBXGroup;
			children = (
				B99586671AA246230052939B /* UIKintDynamicsTests.m */,
				B99586651AA246230052939B /* Supporting Files */,
			);
			path = UIKintDynamicsTests;
			sourceTree = "<group>";
		};
		B99586651AA246230052939B /* Supporting Files */ = {
			isa = PBXGroup;
			children = (
				B99586661AA246230052939B /* Info.plist */,
			);
			name = "Supporting Files";
			sourceTree = "<group>";
		};
/* End PBXGroup section */

/* Begin PBXNativeTarget section */
		B99586471AA246220052939B /* UIKintDynamics */ = {
			isa = PBXNativeTarget;
			buildConfigurationList = B995866B1AA246230052939B /* Build configuration list for PBXNativeTarget "UIKintDynamics" */;
			buildPhases = (
				B99586441AA246220052939B /* Sources */,
				B99586451AA246220052939B /* Frameworks */,
				B99586461AA246220052939B /* Resources */,
			);
			buildRules = (
			);
			dependencies = (
			);
			name = UIKintDynamics;
			productName = UIKintDynamics;
			productReference = B99586481AA246220052939B /* UIKintDynamics.app */;
			productType = "com.apple.product-type.application";
		};
		B99586601AA246230052939B /* UIKintDynamicsTests */ = {
			isa = PBXNativeTarget;
			buildConfigurationList = B995866E1AA246230052939B /* Build configuration list for PBXNativeTarget "UIKintDynamicsTests" */;
			buildPhases = (
				B995865D1AA246230052939B /* Sources */,
				B995865E1AA246230052939B /* Frameworks */,
				B995865F1AA246230052939B /* Resources */,
			);
			buildRules = (
			);
			dependencies = (
				B99586631AA246230052939B /* PBXTargetDependency */,
			);
			name = UIKintDynamicsTests;
			productName = UIKintDynamicsTests;
			productReference = B99586611AA246230052939B /* UIKintDynamicsTests.xctest */;
			productType = "com.apple.product-type.bundle.unit-test";
		};
/* End PBXNativeTarget section */

/* Begin PBXProject section */
		B99586401AA246220052939B /* Project object */ = {
			isa = PBXProject;
			attributes = {
				LastUpgradeCheck = 0610;
				ORGANIZATIONNAME = "Juan Velez";
				TargetAttributes = {
					B99586471AA246220052939B = {
						CreatedOnToolsVersion = 6.1.1;
					};
					B99586601AA246230052939B = {
						CreatedOnToolsVersion = 6.1.1;
						TestTargetID = B99586471AA246220052939B;
					};
				};
			};
			buildConfigurationList = B99586431AA246220052939B /* Build configuration list for PBXProject "UIKintDynamics" */;
			compatibilityVersion = "Xcode 3.2";
			developmentRegion = English;
			hasScannedForEncodings = 0;
			knownRegions = (
				en,
				Base,
			);
			mainGroup = B995863F1AA246220052939B;
			productRefGroup = B99586491AA246220052939B /* Products */;
			projectDirPath = "";
			projectRoot = "";
			targets = (
				B99586471AA246220052939B /* UIKintDynamics */,
				B99586601AA246230052939B /* UIKintDynamicsTests */,
			);
		};
/* End PBXProject section */

/* Begin PBXResourcesBuildPhase section */
		B99586461AA246220052939B /* Resources */ = {
			isa = PBXResourcesBuildPhase;
			buildActionMask = 2147483647;
			files = (
				B99586571AA246220052939B /* Main.storyboard in Resources */,
				B995865C1AA246220052939B /* LaunchScreen.xib in Resources */,
				B99586591AA246220052939B /* Images.xcassets in Resources */,
			);
			runOnlyForDeploymentPostprocessing = 0;
		};
		B995865F1AA246230052939B /* Resources */ = {
			isa = PBXResourcesBuildPhase;
			buildActionMask = 2147483647;
			files = (
			);
			runOnlyForDeploymentPostprocessing = 0;
		};
/* End PBXResourcesBuildPhase section */

/* Begin PBXSourcesBuildPhase section */
		B99586441AA246220052939B /* Sources */ = {
			isa = PBXSourcesBuildPhase;
			buildActionMask = 2147483647;
			files = (
				B99586541AA246220052939B /* ViewController.m in Sources */,
				B99586511AA246220052939B /* AppDelegate.m in Sources */,
				B995864E1AA246220052939B /* main.m in Sources */,
			);
			runOnlyForDeploymentPostprocessing = 0;
		};
		B995865D1AA246230052939B /* Sources */ = {
			isa = PBXSourcesBuildPhase;
			buildActionMask = 2147483647;
			files = (
				B99586681AA246230052939B /* UIKintDynamicsTests.m in Sources */,
			);
			runOnlyForDeploymentPostprocessing = 0;
		};
/* End PBXSourcesBuildPhase section */

/* Begin PBXTargetDependency section */
		B99586631AA246230052939B /* PBXTargetDependency */ = {
			isa = PBXTargetDependency;
			target = B99586471AA246220052939B /* UIKintDynamics */;
			targetProxy = B99586621AA246230052939B /* PBXContainerItemProxy */;
		};
/* End PBXTargetDependency section */

/* Begin PBXVariantGroup section */
		B99586551AA246220052939B /* Main.storyboard */ = {
			isa = PBXVariantGroup;
			children = (
				B99586561AA246220052939B /* Base */,
			);
			name = Main.storyboard;
			sourceTree = "<group>";
		};
		B995865A1AA246220052939B /* LaunchScreen.xib */ = {
			isa = PBXVariantGroup;
			children = (
				B995865B1AA246220052939B /* Base */,
			);
			name = LaunchScreen.xib;
			sourceTree = "<group>";
		};
/* End PBXVariantGroup section */

/* Begin XCBuildConfiguration section */
		B99586691AA246230052939B /* Debug */ = {
			isa = XCBuildConfiguration;
			buildSettings = {
				ALWAYS_SEARCH_USER_PATHS = NO;
				CLANG_CXX_LANGUAGE_STANDARD = "gnu++0x";
				CLANG_CXX_LIBRARY = "libc++";
				CLANG_ENABLE_MODULES = YES;
				CLANG_ENABLE_OBJC_ARC = YES;
				CLANG_WARN_BOOL_CONVERSION = YES;
				CLANG_WARN_CONSTANT_CONVERSION = YES;
				CLANG_WARN_DIRECT_OBJC_ISA_USAGE = YES_ERROR;
				CLANG_WARN_EMPTY_BODY = YES;
				CLANG_WARN_ENUM_CONVERSION = YES;
				CLANG_WARN_INT_CONVERSION = YES;
				CLANG_WARN_OBJC_ROOT_CLASS = YES_ERROR;
				CLANG_WARN_UNREACHABLE_CODE = YES;
				CLANG_WARN__DUPLICATE_METHOD_MATCH = YES;
				"CODE_SIGN_IDENTITY[sdk=iphoneos*]" = "iPhone Developer";
				COPY_PHASE_STRIP = NO;
				ENABLE_STRICT_OBJC_MSGSEND = YES;
				GCC_C_LANGUAGE_STANDARD = gnu99;
				GCC_DYNAMIC_NO_PIC = NO;
				GCC_OPTIMIZATION_LEVEL = 0;
				GCC_PREPROCESSOR_DEFINITIONS = (
					"DEBUG=1",
					"$(inherited)",
				);
				GCC_SYMBOLS_PRIVATE_EXTERN = NO;
				GCC_WARN_64_TO_32_BIT_CONVERSION = YES;
				GCC_WARN_ABOUT_RETURN_TYPE = YES_ERROR;
				GCC_WARN_UNDECLARED_SELECTOR = YES;
				GCC_WARN_UNINITIALIZED_AUTOS = YES_AGGRESSIVE;
				GCC_WARN_UNUSED_FUNCTION = YES;
				GCC_WARN_UNUSED_VARIABLE = YES;
				IPHONEOS_DEPLOYMENT_TARGET = 8.1;
				MTL_ENABLE_DEBUG_INFO = YES;
				ONLY_ACTIVE_ARCH = YES;
				SDKROOT = iphoneos;
			};
			name = Debug;
		};
		B995866A1AA246230052939B /* Release */ = {
			isa = XCBuildConfiguration;
			buildSettings = {
				ALWAYS_SEARCH_USER_PATHS = NO;
				CLANG_CXX_LANGUAGE_STANDARD = "gnu++0x";
				CLANG_CXX_LIBRARY = "libc++";
				CLANG_ENABLE_MODULES = YES;
				CLANG_ENABLE_OBJC_ARC = YES;
				CLANG_WARN_BOOL_CONVERSION = YES;
				CLANG_WARN_CONSTANT_CONVERSION = YES;
				CLANG_WARN_DIRECT_OBJC_ISA_USAGE = YES_ERROR;
				CLANG_WARN_EMPTY_BODY = YES;
				CLANG_WARN_ENUM_CONVERSION = YES;
				CLANG_WARN_INT_CONVERSION = YES;
				CLANG_WARN_OBJC_ROOT_CLASS = YES_ERROR;
				CLANG_WARN_UNREACHABLE_CODE = YES;
				CLANG_WARN__DUPLICATE_METHOD_MATCH = YES;
				"CODE_SIGN_IDENTITY[sdk=iphoneos*]" = "iPhone Developer";
				COPY_PHASE_STRIP = YES;
				ENABLE_NS_ASSERTIONS = NO;
				ENABLE_STRICT_OBJC_MSGSEND = YES;
				GCC_C_LANGUAGE_STANDARD = gnu99;
				GCC_WARN_64_TO_32_BIT_CONVERSION = YES;
				GCC_WARN_ABOUT_RETURN_TYPE = YES_ERROR;
				GCC_WARN_UNDECLARED_SELECTOR = YES;
				GCC_WARN_UNINITIALIZED_AUTOS = YES_AGGRESSIVE;
				GCC_WARN_UNUSED_FUNCTION = YES;
				GCC_WARN_UNUSED_VARIABLE = YES;
				IPHONEOS_DEPLOYMENT_TARGET = 8.1;
				MTL_ENABLE_DEBUG_INFO = NO;
				SDKROOT = iphoneos;
				VALIDATE_PRODUCT = YES;
			};
			name = Release;
		};
		B995866C1AA246230052939B /* Debug */ = {
			isa = XCBuildConfiguration;
			buildSettings = {
				ASSETCATALOG_COMPILER_APPICON_NAME = AppIcon;
				INFOPLIST_FILE = UIKintDynamics/Info.plist;
				LD_RUNPATH_SEARCH_PATHS = "$(inherited) @executable_path/Frameworks";
				PRODUCT_NAME = "$(TARGET_NAME)";
			};
			name = Debug;
		};
		B995866D1AA246230052939B /* Release */ = {
			isa = XCBuildConfiguration;
			buildSettings = {
				ASSETCATALOG_COMPILER_APPICON_NAME = AppIcon;
				INFOPLIST_FILE = UIKintDynamics/Info.plist;
				LD_RUNPATH_SEARCH_PATHS = "$(inherited) @executable_path/Frameworks";
				PRODUCT_NAME = "$(TARGET_NAME)";
			};
			name = Release;
		};
		B995866F1AA246230052939B /* Debug */ = {
			isa = XCBuildConfiguration;
			buildSettings = {
				BUNDLE_LOADER = "$(TEST_HOST)";
				FRAMEWORK_SEARCH_PATHS = (
					"$(SDKROOT)/Developer/Library/Frameworks",
					"$(inherited)",
				);
				GCC_PREPROCESSOR_DEFINITIONS = (
					"DEBUG=1",
					"$(inherited)",
				);
				INFOPLIST_FILE = UIKintDynamicsTests/Info.plist;
				LD_RUNPATH_SEARCH_PATHS = "$(inherited) @executable_path/Frameworks @loader_path/Frameworks";
				PRODUCT_NAME = "$(TARGET_NAME)";
				TEST_HOST = "$(BUILT_PRODUCTS_DIR)/UIKintDynamics.app/UIKintDynamics";
			};
			name = Debug;
		};
		B99586701AA246230052939B /* Release */ = {
			isa = XCBuildConfiguration;
			buildSettings = {
				BUNDLE_LOADER = "$(TEST_HOST)";
				FRAMEWORK_SEARCH_PATHS = (
					"$(SDKROOT)/Developer/Library/Frameworks",
					"$(inherited)",
				);
				INFOPLIST_FILE = UIKintDynamicsTests/Info.plist;
				LD_RUNPATH_SEARCH_PATHS = "$(inherited) @executable_path/Frameworks @loader_path/Frameworks";
				PRODUCT_NAME = "$(TARGET_NAME)";
				TEST_HOST = "$(BUILT_PRODUCTS_DIR)/UIKintDynamics.app/UIKintDynamics";
			};
			name = Release;
		};
/* End XCBuildConfiguration section */

/* Begin XCConfigurationList section */
		B99586431AA246220052939B /* Build configuration list for PBXProject "UIKintDynamics" */ = {
			isa = XCConfigurationList;
			buildConfigurations = (
				B99586691AA246230052939B /* Debug */,
				B995866A1AA246230052939B /* Release */,
			);
			defaultConfigurationIsVisible = 0;
			defaultConfigurationName = Release;
		};
		B995866B1AA246230052939B /* Build configuration list for PBXNativeTarget "UIKintDynamics" */ = {
			isa = XCConfigurationList;
			buildConfigurations = (
				B995866C1AA246230052939B /* Debug */,
				B995866D1AA246230052939B /* Release */,
			);
			defaultConfigurationIsVisible = 0;
		};
		B995866E1AA246230052939B /* Build configuration list for PBXNativeTarget "UIKintDynamicsTests" */ = {
			isa = XCConfigurationList;
			buildConfigurations = (
				B995866F1AA246230052939B /* Debug */,
				B99586701AA246230052939B /* Release */,
			);
			defaultConfigurationIsVisible = 0;
		};
/* End XCConfigurationList section */
	};
	rootObject = B99586401AA246220052939B /* Project object */;
}
