// !$*UTF8*$!
{
	archiveVersion = 1;
	classes = {
	};
	objectVersion = 46;
	objects = {

/* Begin PBXBuildFile section */
		B93B8C4C1A336C4600429CA5 /* main.m in Sources */ = {isa = PBXBuildFile; fileRef = B93B8C4B1A336C4600429CA5 /* main.m */; };
		B93B8C541A337B1F00429CA5 /* Animal.m in Sources */ = {isa = PBXBuildFile; fileRef = B93B8C531A337B1F00429CA5 /* Animal.m */; };
		B93B8C571A3381EE00429CA5 /* Mamifero.m in Sources */ = {isa = PBXBuildFile; fileRef = B93B8C561A3381EE00429CA5 /* Mamifero.m */; };
		B93B8C5A1A33825300429CA5 /* Pez.m in Sources */ = {isa = PBXBuildFile; fileRef = B93B8C591A33825300429CA5 /* Pez.m */; };
		B93B8C5D1A33828F00429CA5 /* Perro.m in Sources */ = {isa = PBXBuildFile; fileRef = B93B8C5C1A33828F00429CA5 /* Perro.m */; };
/* End PBXBuildFile section */

/* Begin PBXCopyFilesBuildPhase section */
		B93B8C461A336C4600429CA5 /* CopyFiles */ = {
			isa = PBXCopyFilesBuildPhase;
			buildActionMask = 2147483647;
			dstPath = /usr/share/man/man1/;
			dstSubfolderSpec = 0;
			files = (
			);
			runOnlyForDeploymentPostprocessing = 1;
		};
/* End PBXCopyFilesBuildPhase section */

/* Begin PBXFileReference section */
		B93B8C481A336C4600429CA5 /* Clase2 Proyecto 1 */ = {isa = PBXFileReference; explicitFileType = "compiled.mach-o.executable"; includeInIndex = 0; path = "Clase2 Proyecto 1"; sourceTree = BUILT_PRODUCTS_DIR; };
		B93B8C4B1A336C4600429CA5 /* main.m */ = {isa = PBXFileReference; lastKnownFileType = sourcecode.c.objc; path = main.m; sourceTree = "<group>"; };
		B93B8C521A337B1F00429CA5 /* Animal.h */ = {isa = PBXFileReference; fileEncoding = 4; lastKnownFileType = sourcecode.c.h; path = Animal.h; sourceTree = "<group>"; };
		B93B8C531A337B1F00429CA5 /* Animal.m */ = {isa = PBXFileReference; fileEncoding = 4; lastKnownFileType = sourcecode.c.objc; path = Animal.m; sourceTree = "<group>"; };
		B93B8C551A3381EE00429CA5 /* Mamifero.h */ = {isa = PBXFileReference; fileEncoding = 4; lastKnownFileType = sourcecode.c.h; path = Mamifero.h; sourceTree = "<group>"; };
		B93B8C561A3381EE00429CA5 /* Mamifero.m */ = {isa = PBXFileReference; fileEncoding = 4; lastKnownFileType = sourcecode.c.objc; path = Mamifero.m; sourceTree = "<group>"; };
		B93B8C581A33825300429CA5 /* Pez.h */ = {isa = PBXFileReference; fileEncoding = 4; lastKnownFileType = sourcecode.c.h; path = Pez.h; sourceTree = "<group>"; };
		B93B8C591A33825300429CA5 /* Pez.m */ = {isa = PBXFileReference; fileEncoding = 4; lastKnownFileType = sourcecode.c.objc; path = Pez.m; sourceTree = "<group>"; };
		B93B8C5B1A33828E00429CA5 /* Perro.h */ = {isa = PBXFileReference; fileEncoding = 4; lastKnownFileType = sourcecode.c.h; path = Perro.h; sourceTree = "<group>"; };
		B93B8C5C1A33828F00429CA5 /* Perro.m */ = {isa = PBXFileReference; fileEncoding = 4; lastKnownFileType = sourcecode.c.objc; path = Perro.m; sourceTree = "<group>"; };
/* End PBXFileReference section */

/* Begin PBXFrameworksBuildPhase section */
		B93B8C451A336C4600429CA5 /* Frameworks */ = {
			isa = PBXFrameworksBuildPhase;
			buildActionMask = 2147483647;
			files = (
			);
			runOnlyForDeploymentPostprocessing = 0;
		};
/* End PBXFrameworksBuildPhase section */

/* Begin PBXGroup section */
		B93B8C3F1A336C4600429CA5 = {
			isa = PBXGroup;
			children = (
				B93B8C4A1A336C4600429CA5 /* Clase2 Proyecto 1 */,
				B93B8C491A336C4600429CA5 /* Products */,
			);
			sourceTree = "<group>";
		};
		B93B8C491A336C4600429CA5 /* Products */ = {
			isa = PBXGroup;
			children = (
				B93B8C481A336C4600429CA5 /* Clase2 Proyecto 1 */,
			);
			name = Products;
			sourceTree = "<group>";
		};
		B93B8C4A1A336C4600429CA5 /* Clase2 Proyecto 1 */ = {
			isa = PBXGroup;
			children = (
				B93B8C4B1A336C4600429CA5 /* main.m */,
				B93B8C521A337B1F00429CA5 /* Animal.h */,
				B93B8C531A337B1F00429CA5 /* Animal.m */,
				B93B8C551A3381EE00429CA5 /* Mamifero.h */,
				B93B8C581A33825300429CA5 /* Pez.h */,
				B93B8C591A33825300429CA5 /* Pez.m */,
				B93B8C5B1A33828E00429CA5 /* Perro.h */,
				B93B8C5C1A33828F00429CA5 /* Perro.m */,
				B93B8C561A3381EE00429CA5 /* Mamifero.m */,
			);
			path = "Clase2 Proyecto 1";
			sourceTree = "<group>";
		};
/* End PBXGroup section */

/* Begin PBXNativeTarget section */
		B93B8C471A336C4600429CA5 /* Clase2 Proyecto 1 */ = {
			isa = PBXNativeTarget;
			buildConfigurationList = B93B8C4F1A336C4600429CA5 /* Build configuration list for PBXNativeTarget "Clase2 Proyecto 1" */;
			buildPhases = (
				B93B8C441A336C4600429CA5 /* Sources */,
				B93B8C451A336C4600429CA5 /* Frameworks */,
				B93B8C461A336C4600429CA5 /* CopyFiles */,
			);
			buildRules = (
			);
			dependencies = (
			);
			name = "Clase2 Proyecto 1";
			productName = "Clase2 Proyecto 1";
			productReference = B93B8C481A336C4600429CA5 /* Clase2 Proyecto 1 */;
			productType = "com.apple.product-type.tool";
		};
/* End PBXNativeTarget section */

/* Begin PBXProject section */
		B93B8C401A336C4600429CA5 /* Project object */ = {
			isa = PBXProject;
			attributes = {
				LastUpgradeCheck = 0610;
				ORGANIZATIONNAME = "Juan Velez";
				TargetAttributes = {
					B93B8C471A336C4600429CA5 = {
						CreatedOnToolsVersion = 6.1;
					};
				};
			};
			buildConfigurationList = B93B8C431A336C4600429CA5 /* Build configuration list for PBXProject "Clase2 Proyecto 1" */;
			compatibilityVersion = "Xcode 3.2";
			developmentRegion = English;
			hasScannedForEncodings = 0;
			knownRegions = (
				en,
			);
			mainGroup = B93B8C3F1A336C4600429CA5;
			productRefGroup = B93B8C491A336C4600429CA5 /* Products */;
			projectDirPath = "";
			projectRoot = "";
			targets = (
				B93B8C471A336C4600429CA5 /* Clase2 Proyecto 1 */,
			);
		};
/* End PBXProject section */

/* Begin PBXSourcesBuildPhase section */
		B93B8C441A336C4600429CA5 /* Sources */ = {
			isa = PBXSourcesBuildPhase;
			buildActionMask = 2147483647;
			files = (
				B93B8C571A3381EE00429CA5 /* Mamifero.m in Sources */,
				B93B8C4C1A336C4600429CA5 /* main.m in Sources */,
				B93B8C5D1A33828F00429CA5 /* Perro.m in Sources */,
				B93B8C541A337B1F00429CA5 /* Animal.m in Sources */,
				B93B8C5A1A33825300429CA5 /* Pez.m in Sources */,
			);
			runOnlyForDeploymentPostprocessing = 0;
		};
/* End PBXSourcesBuildPhase section */

/* Begin XCBuildConfiguration section */
		B93B8C4D1A336C4600429CA5 /* Debug */ = {
			isa = XCBuildConfiguration;
			buildSettings = {
				ALWAYS_SEARCH_USER_PATHS = NO;
				CLANG_CXX_LANGUAGE_STANDARD = "gnu++0x";
				CLANG_CXX_LIBRARY = "libc++";
				CLANG_ENABLE_MODULES = YES;
				CLANG_ENABLE_OBJC_ARC = YES;
				CLANG_WARN_BOOL_CONVERSION = YES;
				CLANG_WARN_CONSTANT_CONVERSION = YES;
				CLANG_WARN_DIRECT_OBJC_ISA_USAGE = YES_ERROR;
				CLANG_WARN_EMPTY_BODY = YES;
				CLANG_WARN_ENUM_CONVERSION = YES;
				CLANG_WARN_INT_CONVERSION = YES;
				CLANG_WARN_OBJC_ROOT_CLASS = YES_ERROR;
				CLANG_WARN_UNREACHABLE_CODE = YES;
				CLANG_WARN__DUPLICATE_METHOD_MATCH = YES;
				COPY_PHASE_STRIP = NO;
				ENABLE_STRICT_OBJC_MSGSEND = YES;
				GCC_C_LANGUAGE_STANDARD = gnu99;
				GCC_DYNAMIC_NO_PIC = NO;
				GCC_OPTIMIZATION_LEVEL = 0;
				GCC_PREPROCESSOR_DEFINITIONS = (
					"DEBUG=1",
					"$(inherited)",
				);
				GCC_SYMBOLS_PRIVATE_EXTERN = NO;
				GCC_WARN_64_TO_32_BIT_CONVERSION = YES;
				GCC_WARN_ABOUT_RETURN_TYPE = YES_ERROR;
				GCC_WARN_UNDECLARED_SELECTOR = YES;
				GCC_WARN_UNINITIALIZED_AUTOS = YES_AGGRESSIVE;
				GCC_WARN_UNUSED_FUNCTION = YES;
				GCC_WARN_UNUSED_VARIABLE = YES;
				MACOSX_DEPLOYMENT_TARGET = 10.10;
				MTL_ENABLE_DEBUG_INFO = YES;
				ONLY_ACTIVE_ARCH = YES;
				SDKROOT = macosx;
			};
			name = Debug;
		};
		B93B8C4E1A336C4600429CA5 /* Release */ = {
			isa = XCBuildConfiguration;
			buildSettings = {
				ALWAYS_SEARCH_USER_PATHS = NO;
				CLANG_CXX_LANGUAGE_STANDARD = "gnu++0x";
				CLANG_CXX_LIBRARY = "libc++";
				CLANG_ENABLE_MODULES = YES;
				CLANG_ENABLE_OBJC_ARC = YES;
				CLANG_WARN_BOOL_CONVERSION = YES;
				CLANG_WARN_CONSTANT_CONVERSION = YES;
				CLANG_WARN_DIRECT_OBJC_ISA_USAGE = YES_ERROR;
				CLANG_WARN_EMPTY_BODY = YES;
				CLANG_WARN_ENUM_CONVERSION = YES;
				CLANG_WARN_INT_CONVERSION = YES;
				CLANG_WARN_OBJC_ROOT_CLASS = YES_ERROR;
				CLANG_WARN_UNREACHABLE_CODE = YES;
				CLANG_WARN__DUPLICATE_METHOD_MATCH = YES;
				COPY_PHASE_STRIP = YES;
				DEBUG_INFORMATION_FORMAT = "dwarf-with-dsym";
				ENABLE_NS_ASSERTIONS = NO;
				ENABLE_STRICT_OBJC_MSGSEND = YES;
				GCC_C_LANGUAGE_STANDARD = gnu99;
				GCC_WARN_64_TO_32_BIT_CONVERSION = YES;
				GCC_WARN_ABOUT_RETURN_TYPE = YES_ERROR;
				GCC_WARN_UNDECLARED_SELECTOR = YES;
				GCC_WARN_UNINITIALIZED_AUTOS = YES_AGGRESSIVE;
				GCC_WARN_UNUSED_FUNCTION = YES;
				GCC_WARN_UNUSED_VARIABLE = YES;
				MACOSX_DEPLOYMENT_TARGET = 10.10;
				MTL_ENABLE_DEBUG_INFO = NO;
				SDKROOT = macosx;
			};
			name = Release;
		};
		B93B8C501A336C4600429CA5 /* Debug */ = {
			isa = XCBuildConfiguration;
			buildSettings = {
				PRODUCT_NAME = "$(TARGET_NAME)";
			};
			name = Debug;
		};
		B93B8C511A336C4600429CA5 /* Release */ = {
			isa = XCBuildConfiguration;
			buildSettings = {
				PRODUCT_NAME = "$(TARGET_NAME)";
			};
			name = Release;
		};
/* End XCBuildConfiguration section */

/* Begin XCConfigurationList section */
		B93B8C431A336C4600429CA5 /* Build configuration list for PBXProject "Clase2 Proyecto 1" */ = {
			isa = XCConfigurationList;
			buildConfigurations = (
				B93B8C4D1A336C4600429CA5 /* Debug */,
				B93B8C4E1A336C4600429CA5 /* Release */,
			);
			defaultConfigurationIsVisible = 0;
			defaultConfigurationName = Release;
		};
		B93B8C4F1A336C4600429CA5 /* Build configuration list for PBXNativeTarget "Clase2 Proyecto 1" */ = {
			isa = XCConfigurationList;
			buildConfigurations = (
				B93B8C501A336C4600429CA5 /* Debug */,
				B93B8C511A336C4600429CA5 /* Release */,
			);
			defaultConfigurationIsVisible = 0;
		};
/* End XCConfigurationList section */
	};
	rootObject = B93B8C401A336C4600429CA5 /* Project object */;
}
