// !$*UTF8*$!
{
	archiveVersion = 1;
	classes = {
	};
	objectVersion = 46;
	objects = {

/* Begin PBXBuildFile section */
		B96C50A21A45ED98003F1EBF /* main.m in Sources */ = {isa = PBXBuildFile; fileRef = B96C50A11A45ED98003F1EBF /* main.m */; };
		B96C50A51A45ED98003F1EBF /* AppDelegate.m in Sources */ = {isa = PBXBuildFile; fileRef = B96C50A41A45ED98003F1EBF /* AppDelegate.m */; };
		B96C50A81A45ED98003F1EBF /* ViewController.m in Sources */ = {isa = PBXBuildFile; fileRef = B96C50A71A45ED98003F1EBF /* ViewController.m */; };
		B96C50AB1A45ED98003F1EBF /* Main.storyboard in Resources */ = {isa = PBXBuildFile; fileRef = B96C50A91A45ED98003F1EBF /* Main.storyboard */; };
		B96C50AD1A45ED98003F1EBF /* Images.xcassets in Resources */ = {isa = PBXBuildFile; fileRef = B96C50AC1A45ED98003F1EBF /* Images.xcassets */; };
		B96C50B01A45ED98003F1EBF /* LaunchScreen.xib in Resources */ = {isa = PBXBuildFile; fileRef = B96C50AE1A45ED98003F1EBF /* LaunchScreen.xib */; };
		B96C50BC1A45ED98003F1EBF /* practica2Tests.m in Sources */ = {isa = PBXBuildFile; fileRef = B96C50BB1A45ED98003F1EBF /* practica2Tests.m */; };
		B96C50C71A45EF83003F1EBF /* Escena2ViewController.m in Sources */ = {isa = PBXBuildFile; fileRef = B96C50C61A45EF83003F1EBF /* Escena2ViewController.m */; };
/* End PBXBuildFile section */

/* Begin PBXContainerItemProxy section */
		B96C50B61A45ED98003F1EBF /* PBXContainerItemProxy */ = {
			isa = PBXContainerItemProxy;
			containerPortal = B96C50941A45ED98003F1EBF /* Project object */;
			proxyType = 1;
			remoteGlobalIDString = B96C509B1A45ED98003F1EBF;
			remoteInfo = practica2;
		};
/* End PBXContainerItemProxy section */

/* Begin PBXFileReference section */
		B96C509C1A45ED98003F1EBF /* practica2.app */ = {isa = PBXFileReference; explicitFileType = wrapper.application; includeInIndex = 0; path = practica2.app; sourceTree = BUILT_PRODUCTS_DIR; };
		B96C50A01A45ED98003F1EBF /* Info.plist */ = {isa = PBXFileReference; lastKnownFileType = text.plist.xml; path = Info.plist; sourceTree = "<group>"; };
		B96C50A11A45ED98003F1EBF /* main.m */ = {isa = PBXFileReference; lastKnownFileType = sourcecode.c.objc; path = main.m; sourceTree = "<group>"; };
		B96C50A31A45ED98003F1EBF /* AppDelegate.h */ = {isa = PBXFileReference; lastKnownFileType = sourcecode.c.h; path = AppDelegate.h; sourceTree = "<group>"; };
		B96C50A41A45ED98003F1EBF /* AppDelegate.m */ = {isa = PBXFileReference; lastKnownFileType = sourcecode.c.objc; path = AppDelegate.m; sourceTree = "<group>"; };
		B96C50A61A45ED98003F1EBF /* ViewController.h */ = {isa = PBXFileReference; lastKnownFileType = sourcecode.c.h; path = ViewController.h; sourceTree = "<group>"; };
		B96C50A71A45ED98003F1EBF /* ViewController.m */ = {isa = PBXFileReference; lastKnownFileType = sourcecode.c.objc; path = ViewController.m; sourceTree = "<group>"; };
		B96C50AA1A45ED98003F1EBF /* Base */ = {isa = PBXFileReference; lastKnownFileType = file.storyboard; name = Base; path = Base.lproj/Main.storyboard; sourceTree = "<group>"; };
		B96C50AC1A45ED98003F1EBF /* Images.xcassets */ = {isa = PBXFileReference; lastKnownFileType = folder.assetcatalog; path = Images.xcassets; sourceTree = "<group>"; };
		B96C50AF1A45ED98003F1EBF /* Base */ = {isa = PBXFileReference; lastKnownFileType = file.xib; name = Base; path = Base.lproj/LaunchScreen.xib; sourceTree = "<group>"; };
		B96C50B51A45ED98003F1EBF /* practica2Tests.xctest */ = {isa = PBXFileReference; explicitFileType = wrapper.cfbundle; includeInIndex = 0; path = practica2Tests.xctest; sourceTree = BUILT_PRODUCTS_DIR; };
		B96C50BA1A45ED98003F1EBF /* Info.plist */ = {isa = PBXFileReference; lastKnownFileType = text.plist.xml; path = Info.plist; sourceTree = "<group>"; };
		B96C50BB1A45ED98003F1EBF /* practica2Tests.m */ = {isa = PBXFileReference; lastKnownFileType = sourcecode.c.objc; path = practica2Tests.m; sourceTree = "<group>"; };
		B96C50C51A45EF83003F1EBF /* Escena2ViewController.h */ = {isa = PBXFileReference; fileEncoding = 4; lastKnownFileType = sourcecode.c.h; path = Escena2ViewController.h; sourceTree = "<group>"; };
		B96C50C61A45EF83003F1EBF /* Escena2ViewController.m */ = {isa = PBXFileReference; fileEncoding = 4; lastKnownFileType = sourcecode.c.objc; path = Escena2ViewController.m; sourceTree = "<group>"; };
/* End PBXFileReference section */

/* Begin PBXFrameworksBuildPhase section */
		B96C50991A45ED98003F1EBF /* Frameworks */ = {
			isa = PBXFrameworksBuildPhase;
			buildActionMask = 2147483647;
			files = (
			);
			runOnlyForDeploymentPostprocessing = 0;
		};
		B96C50B21A45ED98003F1EBF /* Frameworks */ = {
			isa = PBXFrameworksBuildPhase;
			buildActionMask = 2147483647;
			files = (
			);
			runOnlyForDeploymentPostprocessing = 0;
		};
/* End PBXFrameworksBuildPhase section */

/* Begin PBXGroup section */
		B96C50931A45ED98003F1EBF = {
			isa = PBXGroup;
			children = (
				B96C509E1A45ED98003F1EBF /* practica2 */,
				B96C50B81A45ED98003F1EBF /* practica2Tests */,
				B96C509D1A45ED98003F1EBF /* Products */,
			);
			sourceTree = "<group>";
		};
		B96C509D1A45ED98003F1EBF /* Products */ = {
			isa = PBXGroup;
			children = (
				B96C509C1A45ED98003F1EBF /* practica2.app */,
				B96C50B51A45ED98003F1EBF /* practica2Tests.xctest */,
			);
			name = Products;
			sourceTree = "<group>";
		};
		B96C509E1A45ED98003F1EBF /* practica2 */ = {
			isa = PBXGroup;
			children = (
				B96C50A31A45ED98003F1EBF /* AppDelegate.h */,
				B96C50A41A45ED98003F1EBF /* AppDelegate.m */,
				B96C50A61A45ED98003F1EBF /* ViewController.h */,
				B96C50A71A45ED98003F1EBF /* ViewController.m */,
				B96C50A91A45ED98003F1EBF /* Main.storyboard */,
				B96C50C51A45EF83003F1EBF /* Escena2ViewController.h */,
				B96C50C61A45EF83003F1EBF /* Escena2ViewController.m */,
				B96C50AC1A45ED98003F1EBF /* Images.xcassets */,
				B96C50AE1A45ED98003F1EBF /* LaunchScreen.xib */,
				B96C509F1A45ED98003F1EBF /* Supporting Files */,
			);
			path = practica2;
			sourceTree = "<group>";
		};
		B96C509F1A45ED98003F1EBF /* Supporting Files */ = {
			isa = PBXGroup;
			children = (
				B96C50A01A45ED98003F1EBF /* Info.plist */,
				B96C50A11A45ED98003F1EBF /* main.m */,
			);
			name = "Supporting Files";
			sourceTree = "<group>";
		};
		B96C50B81A45ED98003F1EBF /* practica2Tests */ = {
			isa = PBXGroup;
			children = (
				B96C50BB1A45ED98003F1EBF /* practica2Tests.m */,
				B96C50B91A45ED98003F1EBF /* Supporting Files */,
			);
			path = practica2Tests;
			sourceTree = "<group>";
		};
		B96C50B91A45ED98003F1EBF /* Supporting Files */ = {
			isa = PBXGroup;
			children = (
				B96C50BA1A45ED98003F1EBF /* Info.plist */,
			);
			name = "Supporting Files";
			sourceTree = "<group>";
		};
/* End PBXGroup section */

/* Begin PBXNativeTarget section */
		B96C509B1A45ED98003F1EBF /* practica2 */ = {
			isa = PBXNativeTarget;
			buildConfigurationList = B96C50BF1A45ED98003F1EBF /* Build configuration list for PBXNativeTarget "practica2" */;
			buildPhases = (
				B96C50981A45ED98003F1EBF /* Sources */,
				B96C50991A45ED98003F1EBF /* Frameworks */,
				B96C509A1A45ED98003F1EBF /* Resources */,
			);
			buildRules = (
			);
			dependencies = (
			);
			name = practica2;
			productName = practica2;
			productReference = B96C509C1A45ED98003F1EBF /* practica2.app */;
			productType = "com.apple.product-type.application";
		};
		B96C50B41A45ED98003F1EBF /* practica2Tests */ = {
			isa = PBXNativeTarget;
			buildConfigurationList = B96C50C21A45ED98003F1EBF /* Build configuration list for PBXNativeTarget "practica2Tests" */;
			buildPhases = (
				B96C50B11A45ED98003F1EBF /* Sources */,
				B96C50B21A45ED98003F1EBF /* Frameworks */,
				B96C50B31A45ED98003F1EBF /* Resources */,
			);
			buildRules = (
			);
			dependencies = (
				B96C50B71A45ED98003F1EBF /* PBXTargetDependency */,
			);
			name = practica2Tests;
			productName = practica2Tests;
			productReference = B96C50B51A45ED98003F1EBF /* practica2Tests.xctest */;
			productType = "com.apple.product-type.bundle.unit-test";
		};
/* End PBXNativeTarget section */

/* Begin PBXProject section */
		B96C50941A45ED98003F1EBF /* Project object */ = {
			isa = PBXProject;
			attributes = {
				LastUpgradeCheck = 0610;
				ORGANIZATIONNAME = "Juan Velez";
				TargetAttributes = {
					B96C509B1A45ED98003F1EBF = {
						CreatedOnToolsVersion = 6.1.1;
					};
					B96C50B41A45ED98003F1EBF = {
						CreatedOnToolsVersion = 6.1.1;
						TestTargetID = B96C509B1A45ED98003F1EBF;
					};
				};
			};
			buildConfigurationList = B96C50971A45ED98003F1EBF /* Build configuration list for PBXProject "practica2" */;
			compatibilityVersion = "Xcode 3.2";
			developmentRegion = English;
			hasScannedForEncodings = 0;
			knownRegions = (
				en,
				Base,
			);
			mainGroup = B96C50931A45ED98003F1EBF;
			productRefGroup = B96C509D1A45ED98003F1EBF /* Products */;
			projectDirPath = "";
			projectRoot = "";
			targets = (
				B96C509B1A45ED98003F1EBF /* practica2 */,
				B96C50B41A45ED98003F1EBF /* practica2Tests */,
			);
		};
/* End PBXProject section */

/* Begin PBXResourcesBuildPhase section */
		B96C509A1A45ED98003F1EBF /* Resources */ = {
			isa = PBXResourcesBuildPhase;
			buildActionMask = 2147483647;
			files = (
				B96C50AB1A45ED98003F1EBF /* Main.storyboard in Resources */,
				B96C50B01A45ED98003F1EBF /* LaunchScreen.xib in Resources */,
				B96C50AD1A45ED98003F1EBF /* Images.xcassets in Resources */,
			);
			runOnlyForDeploymentPostprocessing = 0;
		};
		B96C50B31A45ED98003F1EBF /* Resources */ = {
			isa = PBXResourcesBuildPhase;
			buildActionMask = 2147483647;
			files = (
			);
			runOnlyForDeploymentPostprocessing = 0;
		};
/* End PBXResourcesBuildPhase section */

/* Begin PBXSourcesBuildPhase section */
		B96C50981A45ED98003F1EBF /* Sources */ = {
			isa = PBXSourcesBuildPhase;
			buildActionMask = 2147483647;
			files = (
				B96C50A81A45ED98003F1EBF /* ViewController.m in Sources */,
				B96C50A51A45ED98003F1EBF /* AppDelegate.m in Sources */,
				B96C50C71A45EF83003F1EBF /* Escena2ViewController.m in Sources */,
				B96C50A21A45ED98003F1EBF /* main.m in Sources */,
			);
			runOnlyForDeploymentPostprocessing = 0;
		};
		B96C50B11A45ED98003F1EBF /* Sources */ = {
			isa = PBXSourcesBuildPhase;
			buildActionMask = 2147483647;
			files = (
				B96C50BC1A45ED98003F1EBF /* practica2Tests.m in Sources */,
			);
			runOnlyForDeploymentPostprocessing = 0;
		};
/* End PBXSourcesBuildPhase section */

/* Begin PBXTargetDependency section */
		B96C50B71A45ED98003F1EBF /* PBXTargetDependency */ = {
			isa = PBXTargetDependency;
			target = B96C509B1A45ED98003F1EBF /* practica2 */;
			targetProxy = B96C50B61A45ED98003F1EBF /* PBXContainerItemProxy */;
		};
/* End PBXTargetDependency section */

/* Begin PBXVariantGroup section */
		B96C50A91A45ED98003F1EBF /* Main.storyboard */ = {
			isa = PBXVariantGroup;
			children = (
				B96C50AA1A45ED98003F1EBF /* Base */,
			);
			name = Main.storyboard;
			sourceTree = "<group>";
		};
		B96C50AE1A45ED98003F1EBF /* LaunchScreen.xib */ = {
			isa = PBXVariantGroup;
			children = (
				B96C50AF1A45ED98003F1EBF /* Base */,
			);
			name = LaunchScreen.xib;
			sourceTree = "<group>";
		};
/* End PBXVariantGroup section */

/* Begin XCBuildConfiguration section */
		B96C50BD1A45ED98003F1EBF /* Debug */ = {
			isa = XCBuildConfiguration;
			buildSettings = {
				ALWAYS_SEARCH_USER_PATHS = NO;
				CLANG_CXX_LANGUAGE_STANDARD = "gnu++0x";
				CLANG_CXX_LIBRARY = "libc++";
				CLANG_ENABLE_MODULES = YES;
				CLANG_ENABLE_OBJC_ARC = YES;
				CLANG_WARN_BOOL_CONVERSION = YES;
				CLANG_WARN_CONSTANT_CONVERSION = YES;
				CLANG_WARN_DIRECT_OBJC_ISA_USAGE = YES_ERROR;
				CLANG_WARN_EMPTY_BODY = YES;
				CLANG_WARN_ENUM_CONVERSION = YES;
				CLANG_WARN_INT_CONVERSION = YES;
				CLANG_WARN_OBJC_ROOT_CLASS = YES_ERROR;
				CLANG_WARN_UNREACHABLE_CODE = YES;
				CLANG_WARN__DUPLICATE_METHOD_MATCH = YES;
				"CODE_SIGN_IDENTITY[sdk=iphoneos*]" = "iPhone Developer";
				COPY_PHASE_STRIP = NO;
				ENABLE_STRICT_OBJC_MSGSEND = YES;
				GCC_C_LANGUAGE_STANDARD = gnu99;
				GCC_DYNAMIC_NO_PIC = NO;
				GCC_OPTIMIZATION_LEVEL = 0;
				GCC_PREPROCESSOR_DEFINITIONS = (
					"DEBUG=1",
					"$(inherited)",
				);
				GCC_SYMBOLS_PRIVATE_EXTERN = NO;
				GCC_WARN_64_TO_32_BIT_CONVERSION = YES;
				GCC_WARN_ABOUT_RETURN_TYPE = YES_ERROR;
				GCC_WARN_UNDECLARED_SELECTOR = YES;
				GCC_WARN_UNINITIALIZED_AUTOS = YES_AGGRESSIVE;
				GCC_WARN_UNUSED_FUNCTION = YES;
				GCC_WARN_UNUSED_VARIABLE = YES;
				IPHONEOS_DEPLOYMENT_TARGET = 8.1;
				MTL_ENABLE_DEBUG_INFO = YES;
				ONLY_ACTIVE_ARCH = YES;
				SDKROOT = iphoneos;
			};
			name = Debug;
		};
		B96C50BE1A45ED98003F1EBF /* Release */ = {
			isa = XCBuildConfiguration;
			buildSettings = {
				ALWAYS_SEARCH_USER_PATHS = NO;
				CLANG_CXX_LANGUAGE_STANDARD = "gnu++0x";
				CLANG_CXX_LIBRARY = "libc++";
				CLANG_ENABLE_MODULES = YES;
				CLANG_ENABLE_OBJC_ARC = YES;
				CLANG_WARN_BOOL_CONVERSION = YES;
				CLANG_WARN_CONSTANT_CONVERSION = YES;
				CLANG_WARN_DIRECT_OBJC_ISA_USAGE = YES_ERROR;
				CLANG_WARN_EMPTY_BODY = YES;
				CLANG_WARN_ENUM_CONVERSION = YES;
				CLANG_WARN_INT_CONVERSION = YES;
				CLANG_WARN_OBJC_ROOT_CLASS = YES_ERROR;
				CLANG_WARN_UNREACHABLE_CODE = YES;
				CLANG_WARN__DUPLICATE_METHOD_MATCH = YES;
				"CODE_SIGN_IDENTITY[sdk=iphoneos*]" = "iPhone Developer";
				COPY_PHASE_STRIP = YES;
				ENABLE_NS_ASSERTIONS = NO;
				ENABLE_STRICT_OBJC_MSGSEND = YES;
				GCC_C_LANGUAGE_STANDARD = gnu99;
				GCC_WARN_64_TO_32_BIT_CONVERSION = YES;
				GCC_WARN_ABOUT_RETURN_TYPE = YES_ERROR;
				GCC_WARN_UNDECLARED_SELECTOR = YES;
				GCC_WARN_UNINITIALIZED_AUTOS = YES_AGGRESSIVE;
				GCC_WARN_UNUSED_FUNCTION = YES;
				GCC_WARN_UNUSED_VARIABLE = YES;
				IPHONEOS_DEPLOYMENT_TARGET = 8.1;
				MTL_ENABLE_DEBUG_INFO = NO;
				SDKROOT = iphoneos;
				VALIDATE_PRODUCT = YES;
			};
			name = Release;
		};
		B96C50C01A45ED98003F1EBF /* Debug */ = {
			isa = XCBuildConfiguration;
			buildSettings = {
				ASSETCATALOG_COMPILER_APPICON_NAME = AppIcon;
				INFOPLIST_FILE = practica2/Info.plist;
				LD_RUNPATH_SEARCH_PATHS = "$(inherited) @executable_path/Frameworks";
				PRODUCT_NAME = "$(TARGET_NAME)";
			};
			name = Debug;
		};
		B96C50C11A45ED98003F1EBF /* Release */ = {
			isa = XCBuildConfiguration;
			buildSettings = {
				ASSETCATALOG_COMPILER_APPICON_NAME = AppIcon;
				INFOPLIST_FILE = practica2/Info.plist;
				LD_RUNPATH_SEARCH_PATHS = "$(inherited) @executable_path/Frameworks";
				PRODUCT_NAME = "$(TARGET_NAME)";
			};
			name = Release;
		};
		B96C50C31A45ED98003F1EBF /* Debug */ = {
			isa = XCBuildConfiguration;
			buildSettings = {
				BUNDLE_LOADER = "$(TEST_HOST)";
				FRAMEWORK_SEARCH_PATHS = (
					"$(SDKROOT)/Developer/Library/Frameworks",
					"$(inherited)",
				);
				GCC_PREPROCESSOR_DEFINITIONS = (
					"DEBUG=1",
					"$(inherited)",
				);
				INFOPLIST_FILE = practica2Tests/Info.plist;
				LD_RUNPATH_SEARCH_PATHS = "$(inherited) @executable_path/Frameworks @loader_path/Frameworks";
				PRODUCT_NAME = "$(TARGET_NAME)";
				TEST_HOST = "$(BUILT_PRODUCTS_DIR)/practica2.app/practica2";
			};
			name = Debug;
		};
		B96C50C41A45ED98003F1EBF /* Release */ = {
			isa = XCBuildConfiguration;
			buildSettings = {
				BUNDLE_LOADER = "$(TEST_HOST)";
				FRAMEWORK_SEARCH_PATHS = (
					"$(SDKROOT)/Developer/Library/Frameworks",
					"$(inherited)",
				);
				INFOPLIST_FILE = practica2Tests/Info.plist;
				LD_RUNPATH_SEARCH_PATHS = "$(inherited) @executable_path/Frameworks @loader_path/Frameworks";
				PRODUCT_NAME = "$(TARGET_NAME)";
				TEST_HOST = "$(BUILT_PRODUCTS_DIR)/practica2.app/practica2";
			};
			name = Release;
		};
/* End XCBuildConfiguration section */

/* Begin XCConfigurationList section */
		B96C50971A45ED98003F1EBF /* Build configuration list for PBXProject "practica2" */ = {
			isa = XCConfigurationList;
			buildConfigurations = (
				B96C50BD1A45ED98003F1EBF /* Debug */,
				B96C50BE1A45ED98003F1EBF /* Release */,
			);
			defaultConfigurationIsVisible = 0;
			defaultConfigurationName = Release;
		};
		B96C50BF1A45ED98003F1EBF /* Build configuration list for PBXNativeTarget "practica2" */ = {
			isa = XCConfigurationList;
			buildConfigurations = (
				B96C50C01A45ED98003F1EBF /* Debug */,
				B96C50C11A45ED98003F1EBF /* Release */,
			);
			defaultConfigurationIsVisible = 0;
		};
		B96C50C21A45ED98003F1EBF /* Build configuration list for PBXNativeTarget "practica2Tests" */ = {
			isa = XCConfigurationList;
			buildConfigurations = (
				B96C50C31A45ED98003F1EBF /* Debug */,
				B96C50C41A45ED98003F1EBF /* Release */,
			);
			defaultConfigurationIsVisible = 0;
		};
/* End XCConfigurationList section */
	};
	rootObject = B96C50941A45ED98003F1EBF /* Project object */;
}
