// !$*UTF8*$!
{
	archiveVersion = 1;
	classes = {
	};
	objectVersion = 46;
	objects = {

/* Begin PBXBuildFile section */
		B9C78D481A6AE27C009B4EDE /* main.m in Sources */ = {isa = PBXBuildFile; fileRef = B9C78D471A6AE27C009B4EDE /* main.m */; };
		B9C78D511A6AE27C009B4EDE /* Main.storyboard in Resources */ = {isa = PBXBuildFile; fileRef = B9C78D4F1A6AE27C009B4EDE /* Main.storyboard */; };
		B9C78D531A6AE27C009B4EDE /* Images.xcassets in Resources */ = {isa = PBXBuildFile; fileRef = B9C78D521A6AE27C009B4EDE /* Images.xcassets */; };
		B9C78D561A6AE27C009B4EDE /* LaunchScreen.xib in Resources */ = {isa = PBXBuildFile; fileRef = B9C78D541A6AE27C009B4EDE /* LaunchScreen.xib */; };
		B9C78D621A6AE27C009B4EDE /* PoryectoTests.m in Sources */ = {isa = PBXBuildFile; fileRef = B9C78D611A6AE27C009B4EDE /* PoryectoTests.m */; };
		B9C78D6D1A6AE4DC009B4EDE /* AutoTableViewController.m in Sources */ = {isa = PBXBuildFile; fileRef = B9C78D6C1A6AE4DC009B4EDE /* AutoTableViewController.m */; };
		B9C78D701A6AE587009B4EDE /* AutoTableViewCell.m in Sources */ = {isa = PBXBuildFile; fileRef = B9C78D6F1A6AE587009B4EDE /* AutoTableViewCell.m */; };
		B9C78D7D1A6AEF44009B4EDE /* chevy_small.jpg in Resources */ = {isa = PBXBuildFile; fileRef = B9C78D711A6AEF44009B4EDE /* chevy_small.jpg */; };
		B9C78D7E1A6AEF44009B4EDE /* ford_small.jpg in Resources */ = {isa = PBXBuildFile; fileRef = B9C78D721A6AEF44009B4EDE /* ford_small.jpg */; };
		B9C78D7F1A6AEF44009B4EDE /* highlander_small.jpg in Resources */ = {isa = PBXBuildFile; fileRef = B9C78D731A6AEF44009B4EDE /* highlander_small.jpg */; };
		B9C78D801A6AEF44009B4EDE /* honda_small.jpg in Resources */ = {isa = PBXBuildFile; fileRef = B9C78D741A6AEF44009B4EDE /* honda_small.jpg */; };
		B9C78D811A6AEF44009B4EDE /* jeep_small.jpg in Resources */ = {isa = PBXBuildFile; fileRef = B9C78D751A6AEF44009B4EDE /* jeep_small.jpg */; };
		B9C78D821A6AEF44009B4EDE /* mini_small.jpg in Resources */ = {isa = PBXBuildFile; fileRef = B9C78D761A6AEF44009B4EDE /* mini_small.jpg */; };
		B9C78D831A6AEF44009B4EDE /* nissan_small.jpg in Resources */ = {isa = PBXBuildFile; fileRef = B9C78D771A6AEF44009B4EDE /* nissan_small.jpg */; };
		B9C78D841A6AEF44009B4EDE /* rover_small.jpg in Resources */ = {isa = PBXBuildFile; fileRef = B9C78D781A6AEF44009B4EDE /* rover_small.jpg */; };
		B9C78D851A6AEF44009B4EDE /* smart_small.jpg in Resources */ = {isa = PBXBuildFile; fileRef = B9C78D791A6AEF44009B4EDE /* smart_small.jpg */; };
		B9C78D861A6AEF44009B4EDE /* venza_small.jpg in Resources */ = {isa = PBXBuildFile; fileRef = B9C78D7A1A6AEF44009B4EDE /* venza_small.jpg */; };
		B9C78D871A6AEF44009B4EDE /* volvo_small.jpg in Resources */ = {isa = PBXBuildFile; fileRef = B9C78D7B1A6AEF44009B4EDE /* volvo_small.jpg */; };
		B9C78D881A6AEF44009B4EDE /* vw_small.jpg in Resources */ = {isa = PBXBuildFile; fileRef = B9C78D7C1A6AEF44009B4EDE /* vw_small.jpg */; };
		B9C78D8B1A6AF40D009B4EDE /* AppDelegate.m in Sources */ = {isa = PBXBuildFile; fileRef = B9C78D8A1A6AF40D009B4EDE /* AppDelegate.m */; };
		B9C78D8E1A6AFAED009B4EDE /* ViewController.m in Sources */ = {isa = PBXBuildFile; fileRef = B9C78D8D1A6AFAED009B4EDE /* ViewController.m */; };
/* End PBXBuildFile section */

/* Begin PBXContainerItemProxy section */
		B9C78D5C1A6AE27C009B4EDE /* PBXContainerItemProxy */ = {
			isa = PBXContainerItemProxy;
			containerPortal = B9C78D3A1A6AE27C009B4EDE /* Project object */;
			proxyType = 1;
			remoteGlobalIDString = B9C78D411A6AE27C009B4EDE;
			remoteInfo = Poryecto;
		};
/* End PBXContainerItemProxy section */

/* Begin PBXFileReference section */
		B9C78D421A6AE27C009B4EDE /* Poryecto.app */ = {isa = PBXFileReference; explicitFileType = wrapper.application; includeInIndex = 0; path = Poryecto.app; sourceTree = BUILT_PRODUCTS_DIR; };
		B9C78D461A6AE27C009B4EDE /* Info.plist */ = {isa = PBXFileReference; lastKnownFileType = text.plist.xml; path = Info.plist; sourceTree = "<group>"; };
		B9C78D471A6AE27C009B4EDE /* main.m */ = {isa = PBXFileReference; lastKnownFileType = sourcecode.c.objc; path = main.m; sourceTree = "<group>"; };
		B9C78D501A6AE27C009B4EDE /* Base */ = {isa = PBXFileReference; lastKnownFileType = file.storyboard; name = Base; path = Base.lproj/Main.storyboard; sourceTree = "<group>"; };
		B9C78D521A6AE27C009B4EDE /* Images.xcassets */ = {isa = PBXFileReference; lastKnownFileType = folder.assetcatalog; path = Images.xcassets; sourceTree = "<group>"; };
		B9C78D551A6AE27C009B4EDE /* Base */ = {isa = PBXFileReference; lastKnownFileType = file.xib; name = Base; path = Base.lproj/LaunchScreen.xib; sourceTree = "<group>"; };
		B9C78D5B1A6AE27C009B4EDE /* PoryectoTests.xctest */ = {isa = PBXFileReference; explicitFileType = wrapper.cfbundle; includeInIndex = 0; path = PoryectoTests.xctest; sourceTree = BUILT_PRODUCTS_DIR; };
		B9C78D601A6AE27C009B4EDE /* Info.plist */ = {isa = PBXFileReference; lastKnownFileType = text.plist.xml; path = Info.plist; sourceTree = "<group>"; };
		B9C78D611A6AE27C009B4EDE /* PoryectoTests.m */ = {isa = PBXFileReference; lastKnownFileType = sourcecode.c.objc; path = PoryectoTests.m; sourceTree = "<group>"; };
		B9C78D6B1A6AE4DC009B4EDE /* AutoTableViewController.h */ = {isa = PBXFileReference; fileEncoding = 4; lastKnownFileType = sourcecode.c.h; path = AutoTableViewController.h; sourceTree = "<group>"; };
		B9C78D6C1A6AE4DC009B4EDE /* AutoTableViewController.m */ = {isa = PBXFileReference; fileEncoding = 4; lastKnownFileType = sourcecode.c.objc; path = AutoTableViewController.m; sourceTree = "<group>"; };
		B9C78D6E1A6AE587009B4EDE /* AutoTableViewCell.h */ = {isa = PBXFileReference; fileEncoding = 4; lastKnownFileType = sourcecode.c.h; path = AutoTableViewCell.h; sourceTree = "<group>"; };
		B9C78D6F1A6AE587009B4EDE /* AutoTableViewCell.m */ = {isa = PBXFileReference; fileEncoding = 4; lastKnownFileType = sourcecode.c.objc; path = AutoTableViewCell.m; sourceTree = "<group>"; };
		B9C78D711A6AEF44009B4EDE /* chevy_small.jpg */ = {isa = PBXFileReference; lastKnownFileType = image.jpeg; path = chevy_small.jpg; sourceTree = "<group>"; };
		B9C78D721A6AEF44009B4EDE /* ford_small.jpg */ = {isa = PBXFileReference; lastKnownFileType = image.jpeg; path = ford_small.jpg; sourceTree = "<group>"; };
		B9C78D731A6AEF44009B4EDE /* highlander_small.jpg */ = {isa = PBXFileReference; lastKnownFileType = image.jpeg; path = highlander_small.jpg; sourceTree = "<group>"; };
		B9C78D741A6AEF44009B4EDE /* honda_small.jpg */ = {isa = PBXFileReference; lastKnownFileType = image.jpeg; path = honda_small.jpg; sourceTree = "<group>"; };
		B9C78D751A6AEF44009B4EDE /* jeep_small.jpg */ = {isa = PBXFileReference; lastKnownFileType = image.jpeg; path = jeep_small.jpg; sourceTree = "<group>"; };
		B9C78D761A6AEF44009B4EDE /* mini_small.jpg */ = {isa = PBXFileReference; lastKnownFileType = image.jpeg; path = mini_small.jpg; sourceTree = "<group>"; };
		B9C78D771A6AEF44009B4EDE /* nissan_small.jpg */ = {isa = PBXFileReference; lastKnownFileType = image.jpeg; path = nissan_small.jpg; sourceTree = "<group>"; };
		B9C78D781A6AEF44009B4EDE /* rover_small.jpg */ = {isa = PBXFileReference; lastKnownFileType = image.jpeg; path = rover_small.jpg; sourceTree = "<group>"; };
		B9C78D791A6AEF44009B4EDE /* smart_small.jpg */ = {isa = PBXFileReference; lastKnownFileType = image.jpeg; path = smart_small.jpg; sourceTree = "<group>"; };
		B9C78D7A1A6AEF44009B4EDE /* venza_small.jpg */ = {isa = PBXFileReference; lastKnownFileType = image.jpeg; path = venza_small.jpg; sourceTree = "<group>"; };
		B9C78D7B1A6AEF44009B4EDE /* volvo_small.jpg */ = {isa = PBXFileReference; lastKnownFileType = image.jpeg; path = volvo_small.jpg; sourceTree = "<group>"; };
		B9C78D7C1A6AEF44009B4EDE /* vw_small.jpg */ = {isa = PBXFileReference; lastKnownFileType = image.jpeg; path = vw_small.jpg; sourceTree = "<group>"; };
		B9C78D891A6AF40D009B4EDE /* AppDelegate.h */ = {isa = PBXFileReference; fileEncoding = 4; lastKnownFileType = sourcecode.c.h; name = AppDelegate.h; path = Poryecto/AppDelegate.h; sourceTree = "<group>"; };
		B9C78D8A1A6AF40D009B4EDE /* AppDelegate.m */ = {isa = PBXFileReference; fileEncoding = 4; lastKnownFileType = sourcecode.c.objc; name = AppDelegate.m; path = Poryecto/AppDelegate.m; sourceTree = "<group>"; };
		B9C78D8C1A6AFAED009B4EDE /* ViewController.h */ = {isa = PBXFileReference; fileEncoding = 4; lastKnownFileType = sourcecode.c.h; path = ViewController.h; sourceTree = "<group>"; };
		B9C78D8D1A6AFAED009B4EDE /* ViewController.m */ = {isa = PBXFileReference; fileEncoding = 4; lastKnownFileType = sourcecode.c.objc; path = ViewController.m; sourceTree = "<group>"; };
/* End PBXFileReference section */

/* Begin PBXFrameworksBuildPhase section */
		B9C78D3F1A6AE27C009B4EDE /* Frameworks */ = {
			isa = PBXFrameworksBuildPhase;
			buildActionMask = 2147483647;
			files = (
			);
			runOnlyForDeploymentPostprocessing = 0;
		};
		B9C78D581A6AE27C009B4EDE /* Frameworks */ = {
			isa = PBXFrameworksBuildPhase;
			buildActionMask = 2147483647;
			files = (
			);
			runOnlyForDeploymentPostprocessing = 0;
		};
/* End PBXFrameworksBuildPhase section */

/* Begin PBXGroup section */
		B9C78D391A6AE27C009B4EDE = {
			isa = PBXGroup;
			children = (
				B9C78D891A6AF40D009B4EDE /* AppDelegate.h */,
				B9C78D8A1A6AF40D009B4EDE /* AppDelegate.m */,
				B9C78D6E1A6AE587009B4EDE /* AutoTableViewCell.h */,
				B9C78D6F1A6AE587009B4EDE /* AutoTableViewCell.m */,
				B9C78D6B1A6AE4DC009B4EDE /* AutoTableViewController.h */,
				B9C78D6C1A6AE4DC009B4EDE /* AutoTableViewController.m */,
				B9C78D441A6AE27C009B4EDE /* Poryecto */,
				B9C78D5E1A6AE27C009B4EDE /* PoryectoTests */,
				B9C78D431A6AE27C009B4EDE /* Products */,
			);
			sourceTree = "<group>";
		};
		B9C78D431A6AE27C009B4EDE /* Products */ = {
			isa = PBXGroup;
			children = (
				B9C78D421A6AE27C009B4EDE /* Poryecto.app */,
				B9C78D5B1A6AE27C009B4EDE /* PoryectoTests.xctest */,
			);
			name = Products;
			sourceTree = "<group>";
		};
		B9C78D441A6AE27C009B4EDE /* Poryecto */ = {
			isa = PBXGroup;
			children = (
				B9C78D4F1A6AE27C009B4EDE /* Main.storyboard */,
				B9C78D8C1A6AFAED009B4EDE /* ViewController.h */,
				B9C78D8D1A6AFAED009B4EDE /* ViewController.m */,
				B9C78D521A6AE27C009B4EDE /* Images.xcassets */,
				B9C78D541A6AE27C009B4EDE /* LaunchScreen.xib */,
				B9C78D451A6AE27C009B4EDE /* Supporting Files */,
			);
			path = Poryecto;
			sourceTree = "<group>";
		};
		B9C78D451A6AE27C009B4EDE /* Supporting Files */ = {
			isa = PBXGroup;
			children = (
				B9C78D711A6AEF44009B4EDE /* chevy_small.jpg */,
				B9C78D721A6AEF44009B4EDE /* ford_small.jpg */,
				B9C78D731A6AEF44009B4EDE /* highlander_small.jpg */,
				B9C78D741A6AEF44009B4EDE /* honda_small.jpg */,
				B9C78D751A6AEF44009B4EDE /* jeep_small.jpg */,
				B9C78D761A6AEF44009B4EDE /* mini_small.jpg */,
				B9C78D771A6AEF44009B4EDE /* nissan_small.jpg */,
				B9C78D781A6AEF44009B4EDE /* rover_small.jpg */,
				B9C78D791A6AEF44009B4EDE /* smart_small.jpg */,
				B9C78D7A1A6AEF44009B4EDE /* venza_small.jpg */,
				B9C78D7B1A6AEF44009B4EDE /* volvo_small.jpg */,
				B9C78D7C1A6AEF44009B4EDE /* vw_small.jpg */,
				B9C78D461A6AE27C009B4EDE /* Info.plist */,
				B9C78D471A6AE27C009B4EDE /* main.m */,
			);
			name = "Supporting Files";
			sourceTree = "<group>";
		};
		B9C78D5E1A6AE27C009B4EDE /* PoryectoTests */ = {
			isa = PBXGroup;
			children = (
				B9C78D611A6AE27C009B4EDE /* PoryectoTests.m */,
				B9C78D5F1A6AE27C009B4EDE /* Supporting Files */,
			);
			path = PoryectoTests;
			sourceTree = "<group>";
		};
		B9C78D5F1A6AE27C009B4EDE /* Supporting Files */ = {
			isa = PBXGroup;
			children = (
				B9C78D601A6AE27C009B4EDE /* Info.plist */,
			);
			name = "Supporting Files";
			sourceTree = "<group>";
		};
/* End PBXGroup section */

/* Begin PBXNativeTarget section */
		B9C78D411A6AE27C009B4EDE /* Poryecto */ = {
			isa = PBXNativeTarget;
			buildConfigurationList = B9C78D651A6AE27C009B4EDE /* Build configuration list for PBXNativeTarget "Poryecto" */;
			buildPhases = (
				B9C78D3E1A6AE27C009B4EDE /* Sources */,
				B9C78D3F1A6AE27C009B4EDE /* Frameworks */,
				B9C78D401A6AE27C009B4EDE /* Resources */,
			);
			buildRules = (
			);
			dependencies = (
			);
			name = Poryecto;
			productName = Poryecto;
			productReference = B9C78D421A6AE27C009B4EDE /* Poryecto.app */;
			productType = "com.apple.product-type.application";
		};
		B9C78D5A1A6AE27C009B4EDE /* PoryectoTests */ = {
			isa = PBXNativeTarget;
			buildConfigurationList = B9C78D681A6AE27C009B4EDE /* Build configuration list for PBXNativeTarget "PoryectoTests" */;
			buildPhases = (
				B9C78D571A6AE27C009B4EDE /* Sources */,
				B9C78D581A6AE27C009B4EDE /* Frameworks */,
				B9C78D591A6AE27C009B4EDE /* Resources */,
			);
			buildRules = (
			);
			dependencies = (
				B9C78D5D1A6AE27C009B4EDE /* PBXTargetDependency */,
			);
			name = PoryectoTests;
			productName = PoryectoTests;
			productReference = B9C78D5B1A6AE27C009B4EDE /* PoryectoTests.xctest */;
			productType = "com.apple.product-type.bundle.unit-test";
		};
/* End PBXNativeTarget section */

/* Begin PBXProject section */
		B9C78D3A1A6AE27C009B4EDE /* Project object */ = {
			isa = PBXProject;
			attributes = {
				LastUpgradeCheck = 0610;
				ORGANIZATIONNAME = "Juan Velez";
				TargetAttributes = {
					B9C78D411A6AE27C009B4EDE = {
						CreatedOnToolsVersion = 6.1.1;
					};
					B9C78D5A1A6AE27C009B4EDE = {
						CreatedOnToolsVersion = 6.1.1;
						TestTargetID = B9C78D411A6AE27C009B4EDE;
					};
				};
			};
			buildConfigurationList = B9C78D3D1A6AE27C009B4EDE /* Build configuration list for PBXProject "Poryecto" */;
			compatibilityVersion = "Xcode 3.2";
			developmentRegion = English;
			hasScannedForEncodings = 0;
			knownRegions = (
				en,
				Base,
			);
			mainGroup = B9C78D391A6AE27C009B4EDE;
			productRefGroup = B9C78D431A6AE27C009B4EDE /* Products */;
			projectDirPath = "";
			projectRoot = "";
			targets = (
				B9C78D411A6AE27C009B4EDE /* Poryecto */,
				B9C78D5A1A6AE27C009B4EDE /* PoryectoTests */,
			);
		};
/* End PBXProject section */

/* Begin PBXResourcesBuildPhase section */
		B9C78D401A6AE27C009B4EDE /* Resources */ = {
			isa = PBXResourcesBuildPhase;
			buildActionMask = 2147483647;
			files = (
				B9C78D511A6AE27C009B4EDE /* Main.storyboard in Resources */,
				B9C78D811A6AEF44009B4EDE /* jeep_small.jpg in Resources */,
				B9C78D841A6AEF44009B4EDE /* rover_small.jpg in Resources */,
				B9C78D7D1A6AEF44009B4EDE /* chevy_small.jpg in Resources */,
				B9C78D881A6AEF44009B4EDE /* vw_small.jpg in Resources */,
				B9C78D801A6AEF44009B4EDE /* honda_small.jpg in Resources */,
				B9C78D851A6AEF44009B4EDE /* smart_small.jpg in Resources */,
				B9C78D821A6AEF44009B4EDE /* mini_small.jpg in Resources */,
				B9C78D831A6AEF44009B4EDE /* nissan_small.jpg in Resources */,
				B9C78D871A6AEF44009B4EDE /* volvo_small.jpg in Resources */,
				B9C78D561A6AE27C009B4EDE /* LaunchScreen.xib in Resources */,
				B9C78D7F1A6AEF44009B4EDE /* highlander_small.jpg in Resources */,
				B9C78D7E1A6AEF44009B4EDE /* ford_small.jpg in Resources */,
				B9C78D531A6AE27C009B4EDE /* Images.xcassets in Resources */,
				B9C78D861A6AEF44009B4EDE /* venza_small.jpg in Resources */,
			);
			runOnlyForDeploymentPostprocessing = 0;
		};
		B9C78D591A6AE27C009B4EDE /* Resources */ = {
			isa = PBXResourcesBuildPhase;
			buildActionMask = 2147483647;
			files = (
			);
			runOnlyForDeploymentPostprocessing = 0;
		};
/* End PBXResourcesBuildPhase section */

/* Begin PBXSourcesBuildPhase section */
		B9C78D3E1A6AE27C009B4EDE /* Sources */ = {
			isa = PBXSourcesBuildPhase;
			buildActionMask = 2147483647;
			files = (
				B9C78D8B1A6AF40D009B4EDE /* AppDelegate.m in Sources */,
				B9C78D701A6AE587009B4EDE /* AutoTableViewCell.m in Sources */,
				B9C78D6D1A6AE4DC009B4EDE /* AutoTableViewController.m in Sources */,
				B9C78D481A6AE27C009B4EDE /* main.m in Sources */,
				B9C78D8E1A6AFAED009B4EDE /* ViewController.m in Sources */,
			);
			runOnlyForDeploymentPostprocessing = 0;
		};
		B9C78D571A6AE27C009B4EDE /* Sources */ = {
			isa = PBXSourcesBuildPhase;
			buildActionMask = 2147483647;
			files = (
				B9C78D621A6AE27C009B4EDE /* PoryectoTests.m in Sources */,
			);
			runOnlyForDeploymentPostprocessing = 0;
		};
/* End PBXSourcesBuildPhase section */

/* Begin PBXTargetDependency section */
		B9C78D5D1A6AE27C009B4EDE /* PBXTargetDependency */ = {
			isa = PBXTargetDependency;
			target = B9C78D411A6AE27C009B4EDE /* Poryecto */;
			targetProxy = B9C78D5C1A6AE27C009B4EDE /* PBXContainerItemProxy */;
		};
/* End PBXTargetDependency section */

/* Begin PBXVariantGroup section */
		B9C78D4F1A6AE27C009B4EDE /* Main.storyboard */ = {
			isa = PBXVariantGroup;
			children = (
				B9C78D501A6AE27C009B4EDE /* Base */,
			);
			name = Main.storyboard;
			sourceTree = "<group>";
		};
		B9C78D541A6AE27C009B4EDE /* LaunchScreen.xib */ = {
			isa = PBXVariantGroup;
			children = (
				B9C78D551A6AE27C009B4EDE /* Base */,
			);
			name = LaunchScreen.xib;
			sourceTree = "<group>";
		};
/* End PBXVariantGroup section */

/* Begin XCBuildConfiguration section */
		B9C78D631A6AE27C009B4EDE /* Debug */ = {
			isa = XCBuildConfiguration;
			buildSettings = {
				ALWAYS_SEARCH_USER_PATHS = NO;
				CLANG_CXX_LANGUAGE_STANDARD = "gnu++0x";
				CLANG_CXX_LIBRARY = "libc++";
				CLANG_ENABLE_MODULES = YES;
				CLANG_ENABLE_OBJC_ARC = YES;
				CLANG_WARN_BOOL_CONVERSION = YES;
				CLANG_WARN_CONSTANT_CONVERSION = YES;
				CLANG_WARN_DIRECT_OBJC_ISA_USAGE = YES_ERROR;
				CLANG_WARN_EMPTY_BODY = YES;
				CLANG_WARN_ENUM_CONVERSION = YES;
				CLANG_WARN_INT_CONVERSION = YES;
				CLANG_WARN_OBJC_ROOT_CLASS = YES_ERROR;
				CLANG_WARN_UNREACHABLE_CODE = YES;
				CLANG_WARN__DUPLICATE_METHOD_MATCH = YES;
				"CODE_SIGN_IDENTITY[sdk=iphoneos*]" = "iPhone Developer";
				COPY_PHASE_STRIP = NO;
				ENABLE_STRICT_OBJC_MSGSEND = YES;
				GCC_C_LANGUAGE_STANDARD = gnu99;
				GCC_DYNAMIC_NO_PIC = NO;
				GCC_OPTIMIZATION_LEVEL = 0;
				GCC_PREPROCESSOR_DEFINITIONS = (
					"DEBUG=1",
					"$(inherited)",
				);
				GCC_SYMBOLS_PRIVATE_EXTERN = NO;
				GCC_WARN_64_TO_32_BIT_CONVERSION = YES;
				GCC_WARN_ABOUT_RETURN_TYPE = YES_ERROR;
				GCC_WARN_UNDECLARED_SELECTOR = YES;
				GCC_WARN_UNINITIALIZED_AUTOS = YES_AGGRESSIVE;
				GCC_WARN_UNUSED_FUNCTION = YES;
				GCC_WARN_UNUSED_VARIABLE = YES;
				IPHONEOS_DEPLOYMENT_TARGET = 8.1;
				MTL_ENABLE_DEBUG_INFO = YES;
				ONLY_ACTIVE_ARCH = YES;
				SDKROOT = iphoneos;
			};
			name = Debug;
		};
		B9C78D641A6AE27C009B4EDE /* Release */ = {
			isa = XCBuildConfiguration;
			buildSettings = {
				ALWAYS_SEARCH_USER_PATHS = NO;
				CLANG_CXX_LANGUAGE_STANDARD = "gnu++0x";
				CLANG_CXX_LIBRARY = "libc++";
				CLANG_ENABLE_MODULES = YES;
				CLANG_ENABLE_OBJC_ARC = YES;
				CLANG_WARN_BOOL_CONVERSION = YES;
				CLANG_WARN_CONSTANT_CONVERSION = YES;
				CLANG_WARN_DIRECT_OBJC_ISA_USAGE = YES_ERROR;
				CLANG_WARN_EMPTY_BODY = YES;
				CLANG_WARN_ENUM_CONVERSION = YES;
				CLANG_WARN_INT_CONVERSION = YES;
				CLANG_WARN_OBJC_ROOT_CLASS = YES_ERROR;
				CLANG_WARN_UNREACHABLE_CODE = YES;
				CLANG_WARN__DUPLICATE_METHOD_MATCH = YES;
				"CODE_SIGN_IDENTITY[sdk=iphoneos*]" = "iPhone Developer";
				COPY_PHASE_STRIP = YES;
				ENABLE_NS_ASSERTIONS = NO;
				ENABLE_STRICT_OBJC_MSGSEND = YES;
				GCC_C_LANGUAGE_STANDARD = gnu99;
				GCC_WARN_64_TO_32_BIT_CONVERSION = YES;
				GCC_WARN_ABOUT_RETURN_TYPE = YES_ERROR;
				GCC_WARN_UNDECLARED_SELECTOR = YES;
				GCC_WARN_UNINITIALIZED_AUTOS = YES_AGGRESSIVE;
				GCC_WARN_UNUSED_FUNCTION = YES;
				GCC_WARN_UNUSED_VARIABLE = YES;
				IPHONEOS_DEPLOYMENT_TARGET = 8.1;
				MTL_ENABLE_DEBUG_INFO = NO;
				SDKROOT = iphoneos;
				VALIDATE_PRODUCT = YES;
			};
			name = Release;
		};
		B9C78D661A6AE27C009B4EDE /* Debug */ = {
			isa = XCBuildConfiguration;
			buildSettings = {
				ASSETCATALOG_COMPILER_APPICON_NAME = AppIcon;
				INFOPLIST_FILE = Poryecto/Info.plist;
				LD_RUNPATH_SEARCH_PATHS = "$(inherited) @executable_path/Frameworks";
				PRODUCT_NAME = "$(TARGET_NAME)";
			};
			name = Debug;
		};
		B9C78D671A6AE27C009B4EDE /* Release */ = {
			isa = XCBuildConfiguration;
			buildSettings = {
				ASSETCATALOG_COMPILER_APPICON_NAME = AppIcon;
				INFOPLIST_FILE = Poryecto/Info.plist;
				LD_RUNPATH_SEARCH_PATHS = "$(inherited) @executable_path/Frameworks";
				PRODUCT_NAME = "$(TARGET_NAME)";
			};
			name = Release;
		};
		B9C78D691A6AE27C009B4EDE /* Debug */ = {
			isa = XCBuildConfiguration;
			buildSettings = {
				BUNDLE_LOADER = "$(TEST_HOST)";
				FRAMEWORK_SEARCH_PATHS = (
					"$(SDKROOT)/Developer/Library/Frameworks",
					"$(inherited)",
				);
				GCC_PREPROCESSOR_DEFINITIONS = (
					"DEBUG=1",
					"$(inherited)",
				);
				INFOPLIST_FILE = PoryectoTests/Info.plist;
				LD_RUNPATH_SEARCH_PATHS = "$(inherited) @executable_path/Frameworks @loader_path/Frameworks";
				PRODUCT_NAME = "$(TARGET_NAME)";
				TEST_HOST = "$(BUILT_PRODUCTS_DIR)/Poryecto.app/Poryecto";
			};
			name = Debug;
		};
		B9C78D6A1A6AE27C009B4EDE /* Release */ = {
			isa = XCBuildConfiguration;
			buildSettings = {
				BUNDLE_LOADER = "$(TEST_HOST)";
				FRAMEWORK_SEARCH_PATHS = (
					"$(SDKROOT)/Developer/Library/Frameworks",
					"$(inherited)",
				);
				INFOPLIST_FILE = PoryectoTests/Info.plist;
				LD_RUNPATH_SEARCH_PATHS = "$(inherited) @executable_path/Frameworks @loader_path/Frameworks";
				PRODUCT_NAME = "$(TARGET_NAME)";
				TEST_HOST = "$(BUILT_PRODUCTS_DIR)/Poryecto.app/Poryecto";
			};
			name = Release;
		};
/* End XCBuildConfiguration section */

/* Begin XCConfigurationList section */
		B9C78D3D1A6AE27C009B4EDE /* Build configuration list for PBXProject "Poryecto" */ = {
			isa = XCConfigurationList;
			buildConfigurations = (
				B9C78D631A6AE27C009B4EDE /* Debug */,
				B9C78D641A6AE27C009B4EDE /* Release */,
			);
			defaultConfigurationIsVisible = 0;
			defaultConfigurationName = Release;
		};
		B9C78D651A6AE27C009B4EDE /* Build configuration list for PBXNativeTarget "Poryecto" */ = {
			isa = XCConfigurationList;
			buildConfigurations = (
				B9C78D661A6AE27C009B4EDE /* Debug */,
				B9C78D671A6AE27C009B4EDE /* Release */,
			);
			defaultConfigurationIsVisible = 0;
		};
		B9C78D681A6AE27C009B4EDE /* Build configuration list for PBXNativeTarget "PoryectoTests" */ = {
			isa = XCConfigurationList;
			buildConfigurations = (
				B9C78D691A6AE27C009B4EDE /* Debug */,
				B9C78D6A1A6AE27C009B4EDE /* Release */,
			);
			defaultConfigurationIsVisible = 0;
		};
/* End XCConfigurationList section */
	};
	rootObject = B9C78D3A1A6AE27C009B4EDE /* Project object */;
}
