// !$*UTF8*$!
{
	archiveVersion = 1;
	classes = {
	};
	objectVersion = 46;
	objects = {

/* Begin PBXBuildFile section */
		B95A6B8F1A75D81200424C32 /* main.m in Sources */ = {isa = PBXBuildFile; fileRef = B95A6B8E1A75D81200424C32 /* main.m */; };
		B95A6B921A75D81200424C32 /* AppDelegate.m in Sources */ = {isa = PBXBuildFile; fileRef = B95A6B911A75D81200424C32 /* AppDelegate.m */; };
		B95A6B951A75D81200424C32 /* ViewController.m in Sources */ = {isa = PBXBuildFile; fileRef = B95A6B941A75D81200424C32 /* ViewController.m */; };
		B95A6B981A75D81200424C32 /* Main.storyboard in Resources */ = {isa = PBXBuildFile; fileRef = B95A6B961A75D81200424C32 /* Main.storyboard */; };
		B95A6B9A1A75D81200424C32 /* Images.xcassets in Resources */ = {isa = PBXBuildFile; fileRef = B95A6B991A75D81200424C32 /* Images.xcassets */; };
		B95A6B9D1A75D81200424C32 /* LaunchScreen.xib in Resources */ = {isa = PBXBuildFile; fileRef = B95A6B9B1A75D81200424C32 /* LaunchScreen.xib */; };
		B95A6BA91A75D81200424C32 /* myappTestTests.m in Sources */ = {isa = PBXBuildFile; fileRef = B95A6BA81A75D81200424C32 /* myappTestTests.m */; };
/* End PBXBuildFile section */

/* Begin PBXContainerItemProxy section */
		B95A6BA31A75D81200424C32 /* PBXContainerItemProxy */ = {
			isa = PBXContainerItemProxy;
			containerPortal = B95A6B811A75D81100424C32 /* Project object */;
			proxyType = 1;
			remoteGlobalIDString = B95A6B881A75D81200424C32;
			remoteInfo = myappTest;
		};
/* End PBXContainerItemProxy section */

/* Begin PBXFileReference section */
		B95A6B891A75D81200424C32 /* myappTest.app */ = {isa = PBXFileReference; explicitFileType = wrapper.application; includeInIndex = 0; path = myappTest.app; sourceTree = BUILT_PRODUCTS_DIR; };
		B95A6B8D1A75D81200424C32 /* Info.plist */ = {isa = PBXFileReference; lastKnownFileType = text.plist.xml; path = Info.plist; sourceTree = "<group>"; };
		B95A6B8E1A75D81200424C32 /* main.m */ = {isa = PBXFileReference; lastKnownFileType = sourcecode.c.objc; path = main.m; sourceTree = "<group>"; };
		B95A6B901A75D81200424C32 /* AppDelegate.h */ = {isa = PBXFileReference; lastKnownFileType = sourcecode.c.h; path = AppDelegate.h; sourceTree = "<group>"; };
		B95A6B911A75D81200424C32 /* AppDelegate.m */ = {isa = PBXFileReference; lastKnownFileType = sourcecode.c.objc; path = AppDelegate.m; sourceTree = "<group>"; };
		B95A6B931A75D81200424C32 /* ViewController.h */ = {isa = PBXFileReference; lastKnownFileType = sourcecode.c.h; path = ViewController.h; sourceTree = "<group>"; };
		B95A6B941A75D81200424C32 /* ViewController.m */ = {isa = PBXFileReference; lastKnownFileType = sourcecode.c.objc; path = ViewController.m; sourceTree = "<group>"; };
		B95A6B971A75D81200424C32 /* Base */ = {isa = PBXFileReference; lastKnownFileType = file.storyboard; name = Base; path = Base.lproj/Main.storyboard; sourceTree = "<group>"; };
		B95A6B991A75D81200424C32 /* Images.xcassets */ = {isa = PBXFileReference; lastKnownFileType = folder.assetcatalog; path = Images.xcassets; sourceTree = "<group>"; };
		B95A6B9C1A75D81200424C32 /* Base */ = {isa = PBXFileReference; lastKnownFileType = file.xib; name = Base; path = Base.lproj/LaunchScreen.xib; sourceTree = "<group>"; };
		B95A6BA21A75D81200424C32 /* myappTestTests.xctest */ = {isa = PBXFileReference; explicitFileType = wrapper.cfbundle; includeInIndex = 0; path = myappTestTests.xctest; sourceTree = BUILT_PRODUCTS_DIR; };
		B95A6BA71A75D81200424C32 /* Info.plist */ = {isa = PBXFileReference; lastKnownFileType = text.plist.xml; path = Info.plist; sourceTree = "<group>"; };
		B95A6BA81A75D81200424C32 /* myappTestTests.m */ = {isa = PBXFileReference; lastKnownFileType = sourcecode.c.objc; path = myappTestTests.m; sourceTree = "<group>"; };
/* End PBXFileReference section */

/* Begin PBXFrameworksBuildPhase section */
		B95A6B861A75D81200424C32 /* Frameworks */ = {
			isa = PBXFrameworksBuildPhase;
			buildActionMask = 2147483647;
			files = (
			);
			runOnlyForDeploymentPostprocessing = 0;
		};
		B95A6B9F1A75D81200424C32 /* Frameworks */ = {
			isa = PBXFrameworksBuildPhase;
			buildActionMask = 2147483647;
			files = (
			);
			runOnlyForDeploymentPostprocessing = 0;
		};
/* End PBXFrameworksBuildPhase section */

/* Begin PBXGroup section */
		B95A6B801A75D81100424C32 = {
			isa = PBXGroup;
			children = (
				B95A6B8B1A75D81200424C32 /* myappTest */,
				B95A6BA51A75D81200424C32 /* myappTestTests */,
				B95A6B8A1A75D81200424C32 /* Products */,
			);
			sourceTree = "<group>";
		};
		B95A6B8A1A75D81200424C32 /* Products */ = {
			isa = PBXGroup;
			children = (
				B95A6B891A75D81200424C32 /* myappTest.app */,
				B95A6BA21A75D81200424C32 /* myappTestTests.xctest */,
			);
			name = Products;
			sourceTree = "<group>";
		};
		B95A6B8B1A75D81200424C32 /* myappTest */ = {
			isa = PBXGroup;
			children = (
				B95A6B901A75D81200424C32 /* AppDelegate.h */,
				B95A6B911A75D81200424C32 /* AppDelegate.m */,
				B95A6B931A75D81200424C32 /* ViewController.h */,
				B95A6B941A75D81200424C32 /* ViewController.m */,
				B95A6B961A75D81200424C32 /* Main.storyboard */,
				B95A6B991A75D81200424C32 /* Images.xcassets */,
				B95A6B9B1A75D81200424C32 /* LaunchScreen.xib */,
				B95A6B8C1A75D81200424C32 /* Supporting Files */,
			);
			path = myappTest;
			sourceTree = "<group>";
		};
		B95A6B8C1A75D81200424C32 /* Supporting Files */ = {
			isa = PBXGroup;
			children = (
				B95A6B8D1A75D81200424C32 /* Info.plist */,
				B95A6B8E1A75D81200424C32 /* main.m */,
			);
			name = "Supporting Files";
			sourceTree = "<group>";
		};
		B95A6BA51A75D81200424C32 /* myappTestTests */ = {
			isa = PBXGroup;
			children = (
				B95A6BA81A75D81200424C32 /* myappTestTests.m */,
				B95A6BA61A75D81200424C32 /* Supporting Files */,
			);
			path = myappTestTests;
			sourceTree = "<group>";
		};
		B95A6BA61A75D81200424C32 /* Supporting Files */ = {
			isa = PBXGroup;
			children = (
				B95A6BA71A75D81200424C32 /* Info.plist */,
			);
			name = "Supporting Files";
			sourceTree = "<group>";
		};
/* End PBXGroup section */

/* Begin PBXNativeTarget section */
		B95A6B881A75D81200424C32 /* myappTest */ = {
			isa = PBXNativeTarget;
			buildConfigurationList = B95A6BAC1A75D81200424C32 /* Build configuration list for PBXNativeTarget "myappTest" */;
			buildPhases = (
				B95A6B851A75D81200424C32 /* Sources */,
				B95A6B861A75D81200424C32 /* Frameworks */,
				B95A6B871A75D81200424C32 /* Resources */,
			);
			buildRules = (
			);
			dependencies = (
			);
			name = myappTest;
			productName = myappTest;
			productReference = B95A6B891A75D81200424C32 /* myappTest.app */;
			productType = "com.apple.product-type.application";
		};
		B95A6BA11A75D81200424C32 /* myappTestTests */ = {
			isa = PBXNativeTarget;
			buildConfigurationList = B95A6BAF1A75D81200424C32 /* Build configuration list for PBXNativeTarget "myappTestTests" */;
			buildPhases = (
				B95A6B9E1A75D81200424C32 /* Sources */,
				B95A6B9F1A75D81200424C32 /* Frameworks */,
				B95A6BA01A75D81200424C32 /* Resources */,
			);
			buildRules = (
			);
			dependencies = (
				B95A6BA41A75D81200424C32 /* PBXTargetDependency */,
			);
			name = myappTestTests;
			productName = myappTestTests;
			productReference = B95A6BA21A75D81200424C32 /* myappTestTests.xctest */;
			productType = "com.apple.product-type.bundle.unit-test";
		};
/* End PBXNativeTarget section */

/* Begin PBXProject section */
		B95A6B811A75D81100424C32 /* Project object */ = {
			isa = PBXProject;
			attributes = {
				LastUpgradeCheck = 0610;
				ORGANIZATIONNAME = "Juan Velez";
				TargetAttributes = {
					B95A6B881A75D81200424C32 = {
						CreatedOnToolsVersion = 6.1.1;
					};
					B95A6BA11A75D81200424C32 = {
						CreatedOnToolsVersion = 6.1.1;
						TestTargetID = B95A6B881A75D81200424C32;
					};
				};
			};
			buildConfigurationList = B95A6B841A75D81100424C32 /* Build configuration list for PBXProject "myappTest" */;
			compatibilityVersion = "Xcode 3.2";
			developmentRegion = English;
			hasScannedForEncodings = 0;
			knownRegions = (
				en,
				Base,
			);
			mainGroup = B95A6B801A75D81100424C32;
			productRefGroup = B95A6B8A1A75D81200424C32 /* Products */;
			projectDirPath = "";
			projectRoot = "";
			targets = (
				B95A6B881A75D81200424C32 /* myappTest */,
				B95A6BA11A75D81200424C32 /* myappTestTests */,
			);
		};
/* End PBXProject section */

/* Begin PBXResourcesBuildPhase section */
		B95A6B871A75D81200424C32 /* Resources */ = {
			isa = PBXResourcesBuildPhase;
			buildActionMask = 2147483647;
			files = (
				B95A6B981A75D81200424C32 /* Main.storyboard in Resources */,
				B95A6B9D1A75D81200424C32 /* LaunchScreen.xib in Resources */,
				B95A6B9A1A75D81200424C32 /* Images.xcassets in Resources */,
			);
			runOnlyForDeploymentPostprocessing = 0;
		};
		B95A6BA01A75D81200424C32 /* Resources */ = {
			isa = PBXResourcesBuildPhase;
			buildActionMask = 2147483647;
			files = (
			);
			runOnlyForDeploymentPostprocessing = 0;
		};
/* End PBXResourcesBuildPhase section */

/* Begin PBXSourcesBuildPhase section */
		B95A6B851A75D81200424C32 /* Sources */ = {
			isa = PBXSourcesBuildPhase;
			buildActionMask = 2147483647;
			files = (
				B95A6B951A75D81200424C32 /* ViewController.m in Sources */,
				B95A6B921A75D81200424C32 /* AppDelegate.m in Sources */,
				B95A6B8F1A75D81200424C32 /* main.m in Sources */,
			);
			runOnlyForDeploymentPostprocessing = 0;
		};
		B95A6B9E1A75D81200424C32 /* Sources */ = {
			isa = PBXSourcesBuildPhase;
			buildActionMask = 2147483647;
			files = (
				B95A6BA91A75D81200424C32 /* myappTestTests.m in Sources */,
			);
			runOnlyForDeploymentPostprocessing = 0;
		};
/* End PBXSourcesBuildPhase section */

/* Begin PBXTargetDependency section */
		B95A6BA41A75D81200424C32 /* PBXTargetDependency */ = {
			isa = PBXTargetDependency;
			target = B95A6B881A75D81200424C32 /* myappTest */;
			targetProxy = B95A6BA31A75D81200424C32 /* PBXContainerItemProxy */;
		};
/* End PBXTargetDependency section */

/* Begin PBXVariantGroup section */
		B95A6B961A75D81200424C32 /* Main.storyboard */ = {
			isa = PBXVariantGroup;
			children = (
				B95A6B971A75D81200424C32 /* Base */,
			);
			name = Main.storyboard;
			sourceTree = "<group>";
		};
		B95A6B9B1A75D81200424C32 /* LaunchScreen.xib */ = {
			isa = PBXVariantGroup;
			children = (
				B95A6B9C1A75D81200424C32 /* Base */,
			);
			name = LaunchScreen.xib;
			sourceTree = "<group>";
		};
/* End PBXVariantGroup section */

/* Begin XCBuildConfiguration section */
		B95A6BAA1A75D81200424C32 /* Debug */ = {
			isa = XCBuildConfiguration;
			buildSettings = {
				ALWAYS_SEARCH_USER_PATHS = NO;
				CLANG_CXX_LANGUAGE_STANDARD = "gnu++0x";
				CLANG_CXX_LIBRARY = "libc++";
				CLANG_ENABLE_MODULES = YES;
				CLANG_ENABLE_OBJC_ARC = YES;
				CLANG_WARN_BOOL_CONVERSION = YES;
				CLANG_WARN_CONSTANT_CONVERSION = YES;
				CLANG_WARN_DIRECT_OBJC_ISA_USAGE = YES_ERROR;
				CLANG_WARN_EMPTY_BODY = YES;
				CLANG_WARN_ENUM_CONVERSION = YES;
				CLANG_WARN_INT_CONVERSION = YES;
				CLANG_WARN_OBJC_ROOT_CLASS = YES_ERROR;
				CLANG_WARN_UNREACHABLE_CODE = YES;
				CLANG_WARN__DUPLICATE_METHOD_MATCH = YES;
				"CODE_SIGN_IDENTITY[sdk=iphoneos*]" = "iPhone Developer";
				COPY_PHASE_STRIP = NO;
				ENABLE_STRICT_OBJC_MSGSEND = YES;
				GCC_C_LANGUAGE_STANDARD = gnu99;
				GCC_DYNAMIC_NO_PIC = NO;
				GCC_OPTIMIZATION_LEVEL = 0;
				GCC_PREPROCESSOR_DEFINITIONS = (
					"DEBUG=1",
					"$(inherited)",
				);
				GCC_SYMBOLS_PRIVATE_EXTERN = NO;
				GCC_WARN_64_TO_32_BIT_CONVERSION = YES;
				GCC_WARN_ABOUT_RETURN_TYPE = YES_ERROR;
				GCC_WARN_UNDECLARED_SELECTOR = YES;
				GCC_WARN_UNINITIALIZED_AUTOS = YES_AGGRESSIVE;
				GCC_WARN_UNUSED_FUNCTION = YES;
				GCC_WARN_UNUSED_VARIABLE = YES;
				IPHONEOS_DEPLOYMENT_TARGET = 8.1;
				MTL_ENABLE_DEBUG_INFO = YES;
				ONLY_ACTIVE_ARCH = NO;
				SDKROOT = iphoneos;
			};
			name = Debug;
		};
		B95A6BAB1A75D81200424C32 /* Release */ = {
			isa = XCBuildConfiguration;
			buildSettings = {
				ALWAYS_SEARCH_USER_PATHS = NO;
				CLANG_CXX_LANGUAGE_STANDARD = "gnu++0x";
				CLANG_CXX_LIBRARY = "libc++";
				CLANG_ENABLE_MODULES = YES;
				CLANG_ENABLE_OBJC_ARC = YES;
				CLANG_WARN_BOOL_CONVERSION = YES;
				CLANG_WARN_CONSTANT_CONVERSION = YES;
				CLANG_WARN_DIRECT_OBJC_ISA_USAGE = YES_ERROR;
				CLANG_WARN_EMPTY_BODY = YES;
				CLANG_WARN_ENUM_CONVERSION = YES;
				CLANG_WARN_INT_CONVERSION = YES;
				CLANG_WARN_OBJC_ROOT_CLASS = YES_ERROR;
				CLANG_WARN_UNREACHABLE_CODE = YES;
				CLANG_WARN__DUPLICATE_METHOD_MATCH = YES;
				"CODE_SIGN_IDENTITY[sdk=iphoneos*]" = "iPhone Developer";
				COPY_PHASE_STRIP = YES;
				ENABLE_NS_ASSERTIONS = NO;
				ENABLE_STRICT_OBJC_MSGSEND = YES;
				GCC_C_LANGUAGE_STANDARD = gnu99;
				GCC_WARN_64_TO_32_BIT_CONVERSION = YES;
				GCC_WARN_ABOUT_RETURN_TYPE = YES_ERROR;
				GCC_WARN_UNDECLARED_SELECTOR = YES;
				GCC_WARN_UNINITIALIZED_AUTOS = YES_AGGRESSIVE;
				GCC_WARN_UNUSED_FUNCTION = YES;
				GCC_WARN_UNUSED_VARIABLE = YES;
				IPHONEOS_DEPLOYMENT_TARGET = 8.1;
				MTL_ENABLE_DEBUG_INFO = NO;
				SDKROOT = iphoneos;
				VALIDATE_PRODUCT = YES;
			};
			name = Release;
		};
		B95A6BAD1A75D81200424C32 /* Debug */ = {
			isa = XCBuildConfiguration;
			buildSettings = {
				ASSETCATALOG_COMPILER_APPICON_NAME = AppIcon;
				ASSETCATALOG_COMPILER_LAUNCHIMAGE_NAME = LaunchImage;
				INFOPLIST_FILE = myappTest/Info.plist;
				LD_RUNPATH_SEARCH_PATHS = "$(inherited) @executable_path/Frameworks";
				PRODUCT_NAME = "$(TARGET_NAME)";
				PROVISIONING_PROFILE = "35313bc8-7d98-496f-9706-7f5695e9d683";
			};
			name = Debug;
		};
		B95A6BAE1A75D81200424C32 /* Release */ = {
			isa = XCBuildConfiguration;
			buildSettings = {
				ASSETCATALOG_COMPILER_APPICON_NAME = AppIcon;
				ASSETCATALOG_COMPILER_LAUNCHIMAGE_NAME = LaunchImage;
				INFOPLIST_FILE = myappTest/Info.plist;
				LD_RUNPATH_SEARCH_PATHS = "$(inherited) @executable_path/Frameworks";
				PRODUCT_NAME = "$(TARGET_NAME)";
				PROVISIONING_PROFILE = "35313bc8-7d98-496f-9706-7f5695e9d683";
			};
			name = Release;
		};
		B95A6BB01A75D81200424C32 /* Debug */ = {
			isa = XCBuildConfiguration;
			buildSettings = {
				BUNDLE_LOADER = "$(TEST_HOST)";
				FRAMEWORK_SEARCH_PATHS = (
					"$(SDKROOT)/Developer/Library/Frameworks",
					"$(inherited)",
				);
				GCC_PREPROCESSOR_DEFINITIONS = (
					"DEBUG=1",
					"$(inherited)",
				);
				INFOPLIST_FILE = myappTestTests/Info.plist;
				LD_RUNPATH_SEARCH_PATHS = "$(inherited) @executable_path/Frameworks @loader_path/Frameworks";
				PRODUCT_NAME = "$(TARGET_NAME)";
				TEST_HOST = "$(BUILT_PRODUCTS_DIR)/myappTest.app/myappTest";
			};
			name = Debug;
		};
		B95A6BB11A75D81200424C32 /* Release */ = {
			isa = XCBuildConfiguration;
			buildSettings = {
				BUNDLE_LOADER = "$(TEST_HOST)";
				FRAMEWORK_SEARCH_PATHS = (
					"$(SDKROOT)/Developer/Library/Frameworks",
					"$(inherited)",
				);
				INFOPLIST_FILE = myappTestTests/Info.plist;
				LD_RUNPATH_SEARCH_PATHS = "$(inherited) @executable_path/Frameworks @loader_path/Frameworks";
				PRODUCT_NAME = "$(TARGET_NAME)";
				TEST_HOST = "$(BUILT_PRODUCTS_DIR)/myappTest.app/myappTest";
			};
			name = Release;
		};
/* End XCBuildConfiguration section */

/* Begin XCConfigurationList section */
		B95A6B841A75D81100424C32 /* Build configuration list for PBXProject "myappTest" */ = {
			isa = XCConfigurationList;
			buildConfigurations = (
				B95A6BAA1A75D81200424C32 /* Debug */,
				B95A6BAB1A75D81200424C32 /* Release */,
			);
			defaultConfigurationIsVisible = 0;
			defaultConfigurationName = Release;
		};
		B95A6BAC1A75D81200424C32 /* Build configuration list for PBXNativeTarget "myappTest" */ = {
			isa = XCConfigurationList;
			buildConfigurations = (
				B95A6BAD1A75D81200424C32 /* Debug */,
				B95A6BAE1A75D81200424C32 /* Release */,
			);
			defaultConfigurationIsVisible = 0;
			defaultConfigurationName = Release;
		};
		B95A6BAF1A75D81200424C32 /* Build configuration list for PBXNativeTarget "myappTestTests" */ = {
			isa = XCConfigurationList;
			buildConfigurations = (
				B95A6BB01A75D81200424C32 /* Debug */,
				B95A6BB11A75D81200424C32 /* Release */,
			);
			defaultConfigurationIsVisible = 0;
			defaultConfigurationName = Release;
		};
/* End XCConfigurationList section */
	};
	rootObject = B95A6B811A75D81100424C32 /* Project object */;
}
