// !$*UTF8*$!
{
	archiveVersion = 1;
	classes = {
	};
	objectVersion = 46;
	objects = {

/* Begin PBXBuildFile section */
		B96C50681A45D926003F1EBF /* main.m in Sources */ = {isa = PBXBuildFile; fileRef = B96C50671A45D926003F1EBF /* main.m */; };
		B96C506B1A45D926003F1EBF /* AppDelegate.m in Sources */ = {isa = PBXBuildFile; fileRef = B96C506A1A45D926003F1EBF /* AppDelegate.m */; };
		B96C506E1A45D926003F1EBF /* ViewController.m in Sources */ = {isa = PBXBuildFile; fileRef = B96C506D1A45D926003F1EBF /* ViewController.m */; };
		B96C50711A45D926003F1EBF /* Main.storyboard in Resources */ = {isa = PBXBuildFile; fileRef = B96C506F1A45D926003F1EBF /* Main.storyboard */; };
		B96C50731A45D926003F1EBF /* Images.xcassets in Resources */ = {isa = PBXBuildFile; fileRef = B96C50721A45D926003F1EBF /* Images.xcassets */; };
		B96C50761A45D926003F1EBF /* LaunchScreen.xib in Resources */ = {isa = PBXBuildFile; fileRef = B96C50741A45D926003F1EBF /* LaunchScreen.xib */; };
		B96C50821A45D926003F1EBF /* pruebaTests.m in Sources */ = {isa = PBXBuildFile; fileRef = B96C50811A45D926003F1EBF /* pruebaTests.m */; };
		B96C508E1A45DD3C003F1EBF /* Logo.jpg in Resources */ = {isa = PBXBuildFile; fileRef = B96C508D1A45DD3C003F1EBF /* Logo.jpg */; };
		B96C50901A45E7D5003F1EBF /* Blackberry-Logo.jpg in Resources */ = {isa = PBXBuildFile; fileRef = B96C508F1A45E7D5003F1EBF /* Blackberry-Logo.jpg */; };
/* End PBXBuildFile section */

/* Begin PBXContainerItemProxy section */
		B96C507C1A45D926003F1EBF /* PBXContainerItemProxy */ = {
			isa = PBXContainerItemProxy;
			containerPortal = B96C505A1A45D926003F1EBF /* Project object */;
			proxyType = 1;
			remoteGlobalIDString = B96C50611A45D926003F1EBF;
			remoteInfo = prueba;
		};
/* End PBXContainerItemProxy section */

/* Begin PBXFileReference section */
		B96C50621A45D926003F1EBF /* prueba.app */ = {isa = PBXFileReference; explicitFileType = wrapper.application; includeInIndex = 0; path = prueba.app; sourceTree = BUILT_PRODUCTS_DIR; };
		B96C50661A45D926003F1EBF /* Info.plist */ = {isa = PBXFileReference; lastKnownFileType = text.plist.xml; path = Info.plist; sourceTree = "<group>"; };
		B96C50671A45D926003F1EBF /* main.m */ = {isa = PBXFileReference; lastKnownFileType = sourcecode.c.objc; path = main.m; sourceTree = "<group>"; };
		B96C50691A45D926003F1EBF /* AppDelegate.h */ = {isa = PBXFileReference; lastKnownFileType = sourcecode.c.h; path = AppDelegate.h; sourceTree = "<group>"; };
		B96C506A1A45D926003F1EBF /* AppDelegate.m */ = {isa = PBXFileReference; lastKnownFileType = sourcecode.c.objc; path = AppDelegate.m; sourceTree = "<group>"; };
		B96C506C1A45D926003F1EBF /* ViewController.h */ = {isa = PBXFileReference; lastKnownFileType = sourcecode.c.h; path = ViewController.h; sourceTree = "<group>"; };
		B96C506D1A45D926003F1EBF /* ViewController.m */ = {isa = PBXFileReference; lastKnownFileType = sourcecode.c.objc; path = ViewController.m; sourceTree = "<group>"; };
		B96C50701A45D926003F1EBF /* Base */ = {isa = PBXFileReference; lastKnownFileType = file.storyboard; name = Base; path = Base.lproj/Main.storyboard; sourceTree = "<group>"; };
		B96C50721A45D926003F1EBF /* Images.xcassets */ = {isa = PBXFileReference; lastKnownFileType = folder.assetcatalog; path = Images.xcassets; sourceTree = "<group>"; };
		B96C50751A45D926003F1EBF /* Base */ = {isa = PBXFileReference; lastKnownFileType = file.xib; name = Base; path = Base.lproj/LaunchScreen.xib; sourceTree = "<group>"; };
		B96C507B1A45D926003F1EBF /* pruebaTests.xctest */ = {isa = PBXFileReference; explicitFileType = wrapper.cfbundle; includeInIndex = 0; path = pruebaTests.xctest; sourceTree = BUILT_PRODUCTS_DIR; };
		B96C50801A45D926003F1EBF /* Info.plist */ = {isa = PBXFileReference; lastKnownFileType = text.plist.xml; path = Info.plist; sourceTree = "<group>"; };
		B96C50811A45D926003F1EBF /* pruebaTests.m */ = {isa = PBXFileReference; lastKnownFileType = sourcecode.c.objc; path = pruebaTests.m; sourceTree = "<group>"; };
		B96C508D1A45DD3C003F1EBF /* Logo.jpg */ = {isa = PBXFileReference; lastKnownFileType = image.jpeg; path = Logo.jpg; sourceTree = "<group>"; };
		B96C508F1A45E7D5003F1EBF /* Blackberry-Logo.jpg */ = {isa = PBXFileReference; lastKnownFileType = image.jpeg; path = "Blackberry-Logo.jpg"; sourceTree = "<group>"; };
/* End PBXFileReference section */

/* Begin PBXFrameworksBuildPhase section */
		B96C505F1A45D926003F1EBF /* Frameworks */ = {
			isa = PBXFrameworksBuildPhase;
			buildActionMask = 2147483647;
			files = (
			);
			runOnlyForDeploymentPostprocessing = 0;
		};
		B96C50781A45D926003F1EBF /* Frameworks */ = {
			isa = PBXFrameworksBuildPhase;
			buildActionMask = 2147483647;
			files = (
			);
			runOnlyForDeploymentPostprocessing = 0;
		};
/* End PBXFrameworksBuildPhase section */

/* Begin PBXGroup section */
		B96C50591A45D926003F1EBF = {
			isa = PBXGroup;
			children = (
				B96C50641A45D926003F1EBF /* prueba */,
				B96C507E1A45D926003F1EBF /* pruebaTests */,
				B96C50631A45D926003F1EBF /* Products */,
			);
			sourceTree = "<group>";
		};
		B96C50631A45D926003F1EBF /* Products */ = {
			isa = PBXGroup;
			children = (
				B96C50621A45D926003F1EBF /* prueba.app */,
				B96C507B1A45D926003F1EBF /* pruebaTests.xctest */,
			);
			name = Products;
			sourceTree = "<group>";
		};
		B96C50641A45D926003F1EBF /* prueba */ = {
			isa = PBXGroup;
			children = (
				B96C50691A45D926003F1EBF /* AppDelegate.h */,
				B96C506A1A45D926003F1EBF /* AppDelegate.m */,
				B96C506C1A45D926003F1EBF /* ViewController.h */,
				B96C506D1A45D926003F1EBF /* ViewController.m */,
				B96C506F1A45D926003F1EBF /* Main.storyboard */,
				B96C50721A45D926003F1EBF /* Images.xcassets */,
				B96C50741A45D926003F1EBF /* LaunchScreen.xib */,
				B96C50651A45D926003F1EBF /* Supporting Files */,
			);
			path = prueba;
			sourceTree = "<group>";
		};
		B96C50651A45D926003F1EBF /* Supporting Files */ = {
			isa = PBXGroup;
			children = (
				B96C508F1A45E7D5003F1EBF /* Blackberry-Logo.jpg */,
				B96C508D1A45DD3C003F1EBF /* Logo.jpg */,
				B96C50661A45D926003F1EBF /* Info.plist */,
				B96C50671A45D926003F1EBF /* main.m */,
			);
			name = "Supporting Files";
			sourceTree = "<group>";
		};
		B96C507E1A45D926003F1EBF /* pruebaTests */ = {
			isa = PBXGroup;
			children = (
				B96C50811A45D926003F1EBF /* pruebaTests.m */,
				B96C507F1A45D926003F1EBF /* Supporting Files */,
			);
			path = pruebaTests;
			sourceTree = "<group>";
		};
		B96C507F1A45D926003F1EBF /* Supporting Files */ = {
			isa = PBXGroup;
			children = (
				B96C50801A45D926003F1EBF /* Info.plist */,
			);
			name = "Supporting Files";
			sourceTree = "<group>";
		};
/* End PBXGroup section */

/* Begin PBXNativeTarget section */
		B96C50611A45D926003F1EBF /* prueba */ = {
			isa = PBXNativeTarget;
			buildConfigurationList = B96C50851A45D926003F1EBF /* Build configuration list for PBXNativeTarget "prueba" */;
			buildPhases = (
				B96C505E1A45D926003F1EBF /* Sources */,
				B96C505F1A45D926003F1EBF /* Frameworks */,
				B96C50601A45D926003F1EBF /* Resources */,
			);
			buildRules = (
			);
			dependencies = (
			);
			name = prueba;
			productName = prueba;
			productReference = B96C50621A45D926003F1EBF /* prueba.app */;
			productType = "com.apple.product-type.application";
		};
		B96C507A1A45D926003F1EBF /* pruebaTests */ = {
			isa = PBXNativeTarget;
			buildConfigurationList = B96C50881A45D926003F1EBF /* Build configuration list for PBXNativeTarget "pruebaTests" */;
			buildPhases = (
				B96C50771A45D926003F1EBF /* Sources */,
				B96C50781A45D926003F1EBF /* Frameworks */,
				B96C50791A45D926003F1EBF /* Resources */,
			);
			buildRules = (
			);
			dependencies = (
				B96C507D1A45D926003F1EBF /* PBXTargetDependency */,
			);
			name = pruebaTests;
			productName = pruebaTests;
			productReference = B96C507B1A45D926003F1EBF /* pruebaTests.xctest */;
			productType = "com.apple.product-type.bundle.unit-test";
		};
/* End PBXNativeTarget section */

/* Begin PBXProject section */
		B96C505A1A45D926003F1EBF /* Project object */ = {
			isa = PBXProject;
			attributes = {
				LastUpgradeCheck = 0610;
				ORGANIZATIONNAME = "Juan Velez";
				TargetAttributes = {
					B96C50611A45D926003F1EBF = {
						CreatedOnToolsVersion = 6.1.1;
					};
					B96C507A1A45D926003F1EBF = {
						CreatedOnToolsVersion = 6.1.1;
						TestTargetID = B96C50611A45D926003F1EBF;
					};
				};
			};
			buildConfigurationList = B96C505D1A45D926003F1EBF /* Build configuration list for PBXProject "prueba" */;
			compatibilityVersion = "Xcode 3.2";
			developmentRegion = English;
			hasScannedForEncodings = 0;
			knownRegions = (
				en,
				Base,
			);
			mainGroup = B96C50591A45D926003F1EBF;
			productRefGroup = B96C50631A45D926003F1EBF /* Products */;
			projectDirPath = "";
			projectRoot = "";
			targets = (
				B96C50611A45D926003F1EBF /* prueba */,
				B96C507A1A45D926003F1EBF /* pruebaTests */,
			);
		};
/* End PBXProject section */

/* Begin PBXResourcesBuildPhase section */
		B96C50601A45D926003F1EBF /* Resources */ = {
			isa = PBXResourcesBuildPhase;
			buildActionMask = 2147483647;
			files = (
				B96C508E1A45DD3C003F1EBF /* Logo.jpg in Resources */,
				B96C50901A45E7D5003F1EBF /* Blackberry-Logo.jpg in Resources */,
				B96C50711A45D926003F1EBF /* Main.storyboard in Resources */,
				B96C50761A45D926003F1EBF /* LaunchScreen.xib in Resources */,
				B96C50731A45D926003F1EBF /* Images.xcassets in Resources */,
			);
			runOnlyForDeploymentPostprocessing = 0;
		};
		B96C50791A45D926003F1EBF /* Resources */ = {
			isa = PBXResourcesBuildPhase;
			buildActionMask = 2147483647;
			files = (
			);
			runOnlyForDeploymentPostprocessing = 0;
		};
/* End PBXResourcesBuildPhase section */

/* Begin PBXSourcesBuildPhase section */
		B96C505E1A45D926003F1EBF /* Sources */ = {
			isa = PBXSourcesBuildPhase;
			buildActionMask = 2147483647;
			files = (
				B96C506E1A45D926003F1EBF /* ViewController.m in Sources */,
				B96C506B1A45D926003F1EBF /* AppDelegate.m in Sources */,
				B96C50681A45D926003F1EBF /* main.m in Sources */,
			);
			runOnlyForDeploymentPostprocessing = 0;
		};
		B96C50771A45D926003F1EBF /* Sources */ = {
			isa = PBXSourcesBuildPhase;
			buildActionMask = 2147483647;
			files = (
				B96C50821A45D926003F1EBF /* pruebaTests.m in Sources */,
			);
			runOnlyForDeploymentPostprocessing = 0;
		};
/* End PBXSourcesBuildPhase section */

/* Begin PBXTargetDependency section */
		B96C507D1A45D926003F1EBF /* PBXTargetDependency */ = {
			isa = PBXTargetDependency;
			target = B96C50611A45D926003F1EBF /* prueba */;
			targetProxy = B96C507C1A45D926003F1EBF /* PBXContainerItemProxy */;
		};
/* End PBXTargetDependency section */

/* Begin PBXVariantGroup section */
		B96C506F1A45D926003F1EBF /* Main.storyboard */ = {
			isa = PBXVariantGroup;
			children = (
				B96C50701A45D926003F1EBF /* Base */,
			);
			name = Main.storyboard;
			sourceTree = "<group>";
		};
		B96C50741A45D926003F1EBF /* LaunchScreen.xib */ = {
			isa = PBXVariantGroup;
			children = (
				B96C50751A45D926003F1EBF /* Base */,
			);
			name = LaunchScreen.xib;
			sourceTree = "<group>";
		};
/* End PBXVariantGroup section */

/* Begin XCBuildConfiguration section */
		B96C50831A45D926003F1EBF /* Debug */ = {
			isa = XCBuildConfiguration;
			buildSettings = {
				ALWAYS_SEARCH_USER_PATHS = NO;
				CLANG_CXX_LANGUAGE_STANDARD = "gnu++0x";
				CLANG_CXX_LIBRARY = "libc++";
				CLANG_ENABLE_MODULES = YES;
				CLANG_ENABLE_OBJC_ARC = YES;
				CLANG_WARN_BOOL_CONVERSION = YES;
				CLANG_WARN_CONSTANT_CONVERSION = YES;
				CLANG_WARN_DIRECT_OBJC_ISA_USAGE = YES_ERROR;
				CLANG_WARN_EMPTY_BODY = YES;
				CLANG_WARN_ENUM_CONVERSION = YES;
				CLANG_WARN_INT_CONVERSION = YES;
				CLANG_WARN_OBJC_ROOT_CLASS = YES_ERROR;
				CLANG_WARN_UNREACHABLE_CODE = YES;
				CLANG_WARN__DUPLICATE_METHOD_MATCH = YES;
				"CODE_SIGN_IDENTITY[sdk=iphoneos*]" = "iPhone Developer";
				COPY_PHASE_STRIP = NO;
				ENABLE_STRICT_OBJC_MSGSEND = YES;
				GCC_C_LANGUAGE_STANDARD = gnu99;
				GCC_DYNAMIC_NO_PIC = NO;
				GCC_OPTIMIZATION_LEVEL = 0;
				GCC_PREPROCESSOR_DEFINITIONS = (
					"DEBUG=1",
					"$(inherited)",
				);
				GCC_SYMBOLS_PRIVATE_EXTERN = NO;
				GCC_WARN_64_TO_32_BIT_CONVERSION = YES;
				GCC_WARN_ABOUT_RETURN_TYPE = YES_ERROR;
				GCC_WARN_UNDECLARED_SELECTOR = YES;
				GCC_WARN_UNINITIALIZED_AUTOS = YES_AGGRESSIVE;
				GCC_WARN_UNUSED_FUNCTION = YES;
				GCC_WARN_UNUSED_VARIABLE = YES;
				IPHONEOS_DEPLOYMENT_TARGET = 8.1;
				MTL_ENABLE_DEBUG_INFO = YES;
				ONLY_ACTIVE_ARCH = YES;
				SDKROOT = iphoneos;
			};
			name = Debug;
		};
		B96C50841A45D926003F1EBF /* Release */ = {
			isa = XCBuildConfiguration;
			buildSettings = {
				ALWAYS_SEARCH_USER_PATHS = NO;
				CLANG_CXX_LANGUAGE_STANDARD = "gnu++0x";
				CLANG_CXX_LIBRARY = "libc++";
				CLANG_ENABLE_MODULES = YES;
				CLANG_ENABLE_OBJC_ARC = YES;
				CLANG_WARN_BOOL_CONVERSION = YES;
				CLANG_WARN_CONSTANT_CONVERSION = YES;
				CLANG_WARN_DIRECT_OBJC_ISA_USAGE = YES_ERROR;
				CLANG_WARN_EMPTY_BODY = YES;
				CLANG_WARN_ENUM_CONVERSION = YES;
				CLANG_WARN_INT_CONVERSION = YES;
				CLANG_WARN_OBJC_ROOT_CLASS = YES_ERROR;
				CLANG_WARN_UNREACHABLE_CODE = YES;
				CLANG_WARN__DUPLICATE_METHOD_MATCH = YES;
				"CODE_SIGN_IDENTITY[sdk=iphoneos*]" = "iPhone Developer";
				COPY_PHASE_STRIP = YES;
				ENABLE_NS_ASSERTIONS = NO;
				ENABLE_STRICT_OBJC_MSGSEND = YES;
				GCC_C_LANGUAGE_STANDARD = gnu99;
				GCC_WARN_64_TO_32_BIT_CONVERSION = YES;
				GCC_WARN_ABOUT_RETURN_TYPE = YES_ERROR;
				GCC_WARN_UNDECLARED_SELECTOR = YES;
				GCC_WARN_UNINITIALIZED_AUTOS = YES_AGGRESSIVE;
				GCC_WARN_UNUSED_FUNCTION = YES;
				GCC_WARN_UNUSED_VARIABLE = YES;
				IPHONEOS_DEPLOYMENT_TARGET = 8.1;
				MTL_ENABLE_DEBUG_INFO = NO;
				SDKROOT = iphoneos;
				VALIDATE_PRODUCT = YES;
			};
			name = Release;
		};
		B96C50861A45D926003F1EBF /* Debug */ = {
			isa = XCBuildConfiguration;
			buildSettings = {
				ASSETCATALOG_COMPILER_APPICON_NAME = AppIcon;
				INFOPLIST_FILE = prueba/Info.plist;
				LD_RUNPATH_SEARCH_PATHS = "$(inherited) @executable_path/Frameworks";
				PRODUCT_NAME = "$(TARGET_NAME)";
			};
			name = Debug;
		};
		B96C50871A45D926003F1EBF /* Release */ = {
			isa = XCBuildConfiguration;
			buildSettings = {
				ASSETCATALOG_COMPILER_APPICON_NAME = AppIcon;
				INFOPLIST_FILE = prueba/Info.plist;
				LD_RUNPATH_SEARCH_PATHS = "$(inherited) @executable_path/Frameworks";
				PRODUCT_NAME = "$(TARGET_NAME)";
			};
			name = Release;
		};
		B96C50891A45D926003F1EBF /* Debug */ = {
			isa = XCBuildConfiguration;
			buildSettings = {
				BUNDLE_LOADER = "$(TEST_HOST)";
				FRAMEWORK_SEARCH_PATHS = (
					"$(SDKROOT)/Developer/Library/Frameworks",
					"$(inherited)",
				);
				GCC_PREPROCESSOR_DEFINITIONS = (
					"DEBUG=1",
					"$(inherited)",
				);
				INFOPLIST_FILE = pruebaTests/Info.plist;
				LD_RUNPATH_SEARCH_PATHS = "$(inherited) @executable_path/Frameworks @loader_path/Frameworks";
				PRODUCT_NAME = "$(TARGET_NAME)";
				TEST_HOST = "$(BUILT_PRODUCTS_DIR)/prueba.app/prueba";
			};
			name = Debug;
		};
		B96C508A1A45D926003F1EBF /* Release */ = {
			isa = XCBuildConfiguration;
			buildSettings = {
				BUNDLE_LOADER = "$(TEST_HOST)";
				FRAMEWORK_SEARCH_PATHS = (
					"$(SDKROOT)/Developer/Library/Frameworks",
					"$(inherited)",
				);
				INFOPLIST_FILE = pruebaTests/Info.plist;
				LD_RUNPATH_SEARCH_PATHS = "$(inherited) @executable_path/Frameworks @loader_path/Frameworks";
				PRODUCT_NAME = "$(TARGET_NAME)";
				TEST_HOST = "$(BUILT_PRODUCTS_DIR)/prueba.app/prueba";
			};
			name = Release;
		};
/* End XCBuildConfiguration section */

/* Begin XCConfigurationList section */
		B96C505D1A45D926003F1EBF /* Build configuration list for PBXProject "prueba" */ = {
			isa = XCConfigurationList;
			buildConfigurations = (
				B96C50831A45D926003F1EBF /* Debug */,
				B96C50841A45D926003F1EBF /* Release */,
			);
			defaultConfigurationIsVisible = 0;
			defaultConfigurationName = Release;
		};
		B96C50851A45D926003F1EBF /* Build configuration list for PBXNativeTarget "prueba" */ = {
			isa = XCConfigurationList;
			buildConfigurations = (
				B96C50861A45D926003F1EBF /* Debug */,
				B96C50871A45D926003F1EBF /* Release */,
			);
			defaultConfigurationIsVisible = 0;
		};
		B96C50881A45D926003F1EBF /* Build configuration list for PBXNativeTarget "pruebaTests" */ = {
			isa = XCConfigurationList;
			buildConfigurations = (
				B96C50891A45D926003F1EBF /* Debug */,
				B96C508A1A45D926003F1EBF /* Release */,
			);
			defaultConfigurationIsVisible = 0;
		};
/* End XCConfigurationList section */
	};
	rootObject = B96C505A1A45D926003F1EBF /* Project object */;
}
